// !$*UTF8*$!
{
	archiveVersion = 1;
	classes = {
	};
	objectVersion = 42;
	objects = {

/* Begin PBXBuildFile section */
		609F17AC169D402E00F04D59 /* libBulletCollision.a in Frameworks */ = {isa = PBXBuildFile; fileRef = 609F17A8169D402E00F04D59 /* libBulletCollision.a */; };
		609F17AD169D402E00F04D59 /* libBulletDynamics.a in Frameworks */ = {isa = PBXBuildFile; fileRef = 609F17A9169D402E00F04D59 /* libBulletDynamics.a */; };
		609F17AE169D402E00F04D59 /* libBulletSoftBody.a in Frameworks */ = {isa = PBXBuildFile; fileRef = 609F17AA169D402E00F04D59 /* libBulletSoftBody.a */; };
		609F17AF169D402E00F04D59 /* libLinearMath.a in Frameworks */ = {isa = PBXBuildFile; fileRef = 609F17AB169D402E00F04D59 /* libLinearMath.a */; };
		609F17B4169D55FA00F04D59 /* ofxBtSoftbodyWorld.cpp in Sources */ = {isa = PBXBuildFile; fileRef = 609F17B0169D55FA00F04D59 /* ofxBtSoftbodyWorld.cpp */; };
		609F17B5169D55FA00F04D59 /* ofxBtWorld.cpp in Sources */ = {isa = PBXBuildFile; fileRef = 609F17B2169D55FA00F04D59 /* ofxBtWorld.cpp */; };
		609F17B8169D56E600F04D59 /* ofxBtRigid.cpp in Sources */ = {isa = PBXBuildFile; fileRef = 609F17B6169D56E600F04D59 /* ofxBtRigid.cpp */; };
		609F17BC169D856200F04D59 /* ofxBtSoft.cpp in Sources */ = {isa = PBXBuildFile; fileRef = 609F17BA169D856100F04D59 /* ofxBtSoft.cpp */; };
		60EF04931513F09100FC5D12 /* ofxBt.cpp in Sources */ = {isa = PBXBuildFile; fileRef = 60EF03B41513F09000FC5D12 /* ofxBt.cpp */; };
		BBAB23CB13894F3D00AA2426 /* GLUT.framework in CopyFiles */ = {isa = PBXBuildFile; fileRef = BBAB23BE13894E4700AA2426 /* GLUT.framework */; };
		E4328149138ABC9F0047C5CB /* openFrameworksDebug.a in Frameworks */ = {isa = PBXBuildFile; fileRef = E4328148138ABC890047C5CB /* openFrameworksDebug.a */; };
		E45BE97B0E8CC7DD009D7055 /* AGL.framework in Frameworks */ = {isa = PBXBuildFile; fileRef = E45BE9710E8CC7DD009D7055 /* AGL.framework */; };
		E45BE97C0E8CC7DD009D7055 /* ApplicationServices.framework in Frameworks */ = {isa = PBXBuildFile; fileRef = E45BE9720E8CC7DD009D7055 /* ApplicationServices.framework */; };
		E45BE97D0E8CC7DD009D7055 /* AudioToolbox.framework in Frameworks */ = {isa = PBXBuildFile; fileRef = E45BE9730E8CC7DD009D7055 /* AudioToolbox.framework */; };
		E45BE97E0E8CC7DD009D7055 /* Carbon.framework in Frameworks */ = {isa = PBXBuildFile; fileRef = E45BE9740E8CC7DD009D7055 /* Carbon.framework */; };
		E45BE97F0E8CC7DD009D7055 /* CoreAudio.framework in Frameworks */ = {isa = PBXBuildFile; fileRef = E45BE9750E8CC7DD009D7055 /* CoreAudio.framework */; };
		E45BE9800E8CC7DD009D7055 /* CoreFoundation.framework in Frameworks */ = {isa = PBXBuildFile; fileRef = E45BE9760E8CC7DD009D7055 /* CoreFoundation.framework */; };
		E45BE9810E8CC7DD009D7055 /* CoreServices.framework in Frameworks */ = {isa = PBXBuildFile; fileRef = E45BE9770E8CC7DD009D7055 /* CoreServices.framework */; };
		E45BE9830E8CC7DD009D7055 /* OpenGL.framework in Frameworks */ = {isa = PBXBuildFile; fileRef = E45BE9790E8CC7DD009D7055 /* OpenGL.framework */; };
		E45BE9840E8CC7DD009D7055 /* QuickTime.framework in Frameworks */ = {isa = PBXBuildFile; fileRef = E45BE97A0E8CC7DD009D7055 /* QuickTime.framework */; };
		E4B69E200A3A1BDC003C02F2 /* main.cpp in Sources */ = {isa = PBXBuildFile; fileRef = E4B69E1D0A3A1BDC003C02F2 /* main.cpp */; };
		E4B69E210A3A1BDC003C02F2 /* testApp.cpp in Sources */ = {isa = PBXBuildFile; fileRef = E4B69E1E0A3A1BDC003C02F2 /* testApp.cpp */; };
		E4C2424710CC5A17004149E2 /* AppKit.framework in Frameworks */ = {isa = PBXBuildFile; fileRef = E4C2424410CC5A17004149E2 /* AppKit.framework */; };
		E4C2424810CC5A17004149E2 /* Cocoa.framework in Frameworks */ = {isa = PBXBuildFile; fileRef = E4C2424510CC5A17004149E2 /* Cocoa.framework */; };
		E4C2424910CC5A17004149E2 /* IOKit.framework in Frameworks */ = {isa = PBXBuildFile; fileRef = E4C2424610CC5A17004149E2 /* IOKit.framework */; };
		E4EB6799138ADC1D00A09F29 /* GLUT.framework in Frameworks */ = {isa = PBXBuildFile; fileRef = BBAB23BE13894E4700AA2426 /* GLUT.framework */; };
/* End PBXBuildFile section */

/* Begin PBXContainerItemProxy section */
		E4328147138ABC890047C5CB /* PBXContainerItemProxy */ = {
			isa = PBXContainerItemProxy;
			containerPortal = E4328143138ABC890047C5CB /* openFrameworksLib.xcodeproj */;
			proxyType = 2;
			remoteGlobalIDString = E4B27C1510CBEB8E00536013;
			remoteInfo = openFrameworks;
		};
		E4EEB9AB138B136A00A80321 /* PBXContainerItemProxy */ = {
			isa = PBXContainerItemProxy;
			containerPortal = E4328143138ABC890047C5CB /* openFrameworksLib.xcodeproj */;
			proxyType = 1;
			remoteGlobalIDString = E4B27C1410CBEB8E00536013;
			remoteInfo = openFrameworks;
		};
/* End PBXContainerItemProxy section */

/* Begin PBXCopyFilesBuildPhase section */
		E4C2427710CC5ABF004149E2 /* CopyFiles */ = {
			isa = PBXCopyFilesBuildPhase;
			buildActionMask = 2147483647;
			dstPath = "";
			dstSubfolderSpec = 10;
			files = (
				BBAB23CB13894F3D00AA2426 /* GLUT.framework in CopyFiles */,
			);
			runOnlyForDeploymentPostprocessing = 0;
		};
/* End PBXCopyFilesBuildPhase section */

/* Begin PBXFileReference section */
		609F16DE169D402E00F04D59 /* COPYING */ = {isa = PBXFileReference; fileEncoding = 4; lastKnownFileType = text; path = COPYING; sourceTree = "<group>"; };
		609F16E1169D402E00F04D59 /* btBulletCollisionCommon.h */ = {isa = PBXFileReference; fileEncoding = 4; lastKnownFileType = sourcecode.c.h; path = btBulletCollisionCommon.h; sourceTree = "<group>"; };
		609F16E2169D402E00F04D59 /* btBulletDynamicsCommon.h */ = {isa = PBXFileReference; fileEncoding = 4; lastKnownFileType = sourcecode.c.h; path = btBulletDynamicsCommon.h; sourceTree = "<group>"; };
		609F16E3169D402E00F04D59 /* Bullet-C-Api.h */ = {isa = PBXFileReference; fileEncoding = 4; lastKnownFileType = sourcecode.c.h; path = "Bullet-C-Api.h"; sourceTree = "<group>"; };
		609F16E6169D402E00F04D59 /* btAxisSweep3.h */ = {isa = PBXFileReference; fileEncoding = 4; lastKnownFileType = sourcecode.c.h; path = btAxisSweep3.h; sourceTree = "<group>"; };
		609F16E7169D402E00F04D59 /* btBroadphaseInterface.h */ = {isa = PBXFileReference; fileEncoding = 4; lastKnownFileType = sourcecode.c.h; path = btBroadphaseInterface.h; sourceTree = "<group>"; };
		609F16E8169D402E00F04D59 /* btBroadphaseProxy.h */ = {isa = PBXFileReference; fileEncoding = 4; lastKnownFileType = sourcecode.c.h; path = btBroadphaseProxy.h; sourceTree = "<group>"; };
		609F16E9169D402E00F04D59 /* btCollisionAlgorithm.h */ = {isa = PBXFileReference; fileEncoding = 4; lastKnownFileType = sourcecode.c.h; path = btCollisionAlgorithm.h; sourceTree = "<group>"; };
		609F16EA169D402E00F04D59 /* btDbvt.h */ = {isa = PBXFileReference; fileEncoding = 4; lastKnownFileType = sourcecode.c.h; path = btDbvt.h; sourceTree = "<group>"; };
		609F16EB169D402E00F04D59 /* btDbvtBroadphase.h */ = {isa = PBXFileReference; fileEncoding = 4; lastKnownFileType = sourcecode.c.h; path = btDbvtBroadphase.h; sourceTree = "<group>"; };
		609F16EC169D402E00F04D59 /* btDispatcher.h */ = {isa = PBXFileReference; fileEncoding = 4; lastKnownFileType = sourcecode.c.h; path = btDispatcher.h; sourceTree = "<group>"; };
		609F16ED169D402E00F04D59 /* btMultiSapBroadphase.h */ = {isa = PBXFileReference; fileEncoding = 4; lastKnownFileType = sourcecode.c.h; path = btMultiSapBroadphase.h; sourceTree = "<group>"; };
		609F16EE169D402E00F04D59 /* btOverlappingPairCache.h */ = {isa = PBXFileReference; fileEncoding = 4; lastKnownFileType = sourcecode.c.h; path = btOverlappingPairCache.h; sourceTree = "<group>"; };
		609F16EF169D402E00F04D59 /* btOverlappingPairCallback.h */ = {isa = PBXFileReference; fileEncoding = 4; lastKnownFileType = sourcecode.c.h; path = btOverlappingPairCallback.h; sourceTree = "<group>"; };
		609F16F0169D402E00F04D59 /* btQuantizedBvh.h */ = {isa = PBXFileReference; fileEncoding = 4; lastKnownFileType = sourcecode.c.h; path = btQuantizedBvh.h; sourceTree = "<group>"; };
		609F16F1169D402E00F04D59 /* btSimpleBroadphase.h */ = {isa = PBXFileReference; fileEncoding = 4; lastKnownFileType = sourcecode.c.h; path = btSimpleBroadphase.h; sourceTree = "<group>"; };
		609F16F3169D402E00F04D59 /* btActivatingCollisionAlgorithm.h */ = {isa = PBXFileReference; fileEncoding = 4; lastKnownFileType = sourcecode.c.h; path = btActivatingCollisionAlgorithm.h; sourceTree = "<group>"; };
		609F16F4169D402E00F04D59 /* btBox2dBox2dCollisionAlgorithm.h */ = {isa = PBXFileReference; fileEncoding = 4; lastKnownFileType = sourcecode.c.h; path = btBox2dBox2dCollisionAlgorithm.h; sourceTree = "<group>"; };
		609F16F5169D402E00F04D59 /* btBoxBoxCollisionAlgorithm.h */ = {isa = PBXFileReference; fileEncoding = 4; lastKnownFileType = sourcecode.c.h; path = btBoxBoxCollisionAlgorithm.h; sourceTree = "<group>"; };
		609F16F6169D402E00F04D59 /* btBoxBoxDetector.h */ = {isa = PBXFileReference; fileEncoding = 4; lastKnownFileType = sourcecode.c.h; path = btBoxBoxDetector.h; sourceTree = "<group>"; };
		609F16F7169D402E00F04D59 /* btCollisionConfiguration.h */ = {isa = PBXFileReference; fileEncoding = 4; lastKnownFileType = sourcecode.c.h; path = btCollisionConfiguration.h; sourceTree = "<group>"; };
		609F16F8169D402E00F04D59 /* btCollisionCreateFunc.h */ = {isa = PBXFileReference; fileEncoding = 4; lastKnownFileType = sourcecode.c.h; path = btCollisionCreateFunc.h; sourceTree = "<group>"; };
		609F16F9169D402E00F04D59 /* btCollisionDispatcher.h */ = {isa = PBXFileReference; fileEncoding = 4; lastKnownFileType = sourcecode.c.h; path = btCollisionDispatcher.h; sourceTree = "<group>"; };
		609F16FA169D402E00F04D59 /* btCollisionObject.h */ = {isa = PBXFileReference; fileEncoding = 4; lastKnownFileType = sourcecode.c.h; path = btCollisionObject.h; sourceTree = "<group>"; };
		609F16FB169D402E00F04D59 /* btCollisionObjectWrapper.h */ = {isa = PBXFileReference; fileEncoding = 4; lastKnownFileType = sourcecode.c.h; path = btCollisionObjectWrapper.h; sourceTree = "<group>"; };
		609F16FC169D402E00F04D59 /* btCollisionWorld.h */ = {isa = PBXFileReference; fileEncoding = 4; lastKnownFileType = sourcecode.c.h; path = btCollisionWorld.h; sourceTree = "<group>"; };
		609F16FD169D402E00F04D59 /* btCompoundCollisionAlgorithm.h */ = {isa = PBXFileReference; fileEncoding = 4; lastKnownFileType = sourcecode.c.h; path = btCompoundCollisionAlgorithm.h; sourceTree = "<group>"; };
		609F16FE169D402E00F04D59 /* btConvex2dConvex2dAlgorithm.h */ = {isa = PBXFileReference; fileEncoding = 4; lastKnownFileType = sourcecode.c.h; path = btConvex2dConvex2dAlgorithm.h; sourceTree = "<group>"; };
		609F16FF169D402E00F04D59 /* btConvexConcaveCollisionAlgorithm.h */ = {isa = PBXFileReference; fileEncoding = 4; lastKnownFileType = sourcecode.c.h; path = btConvexConcaveCollisionAlgorithm.h; sourceTree = "<group>"; };
		609F1700169D402E00F04D59 /* btConvexConvexAlgorithm.h */ = {isa = PBXFileReference; fileEncoding = 4; lastKnownFileType = sourcecode.c.h; path = btConvexConvexAlgorithm.h; sourceTree = "<group>"; };
		609F1701169D402E00F04D59 /* btConvexPlaneCollisionAlgorithm.h */ = {isa = PBXFileReference; fileEncoding = 4; lastKnownFileType = sourcecode.c.h; path = btConvexPlaneCollisionAlgorithm.h; sourceTree = "<group>"; };
		609F1702169D402E00F04D59 /* btDefaultCollisionConfiguration.h */ = {isa = PBXFileReference; fileEncoding = 4; lastKnownFileType = sourcecode.c.h; path = btDefaultCollisionConfiguration.h; sourceTree = "<group>"; };
		609F1703169D402E00F04D59 /* btEmptyCollisionAlgorithm.h */ = {isa = PBXFileReference; fileEncoding = 4; lastKnownFileType = sourcecode.c.h; path = btEmptyCollisionAlgorithm.h; sourceTree = "<group>"; };
		609F1704169D402E00F04D59 /* btGhostObject.h */ = {isa = PBXFileReference; fileEncoding = 4; lastKnownFileType = sourcecode.c.h; path = btGhostObject.h; sourceTree = "<group>"; };
		609F1705169D402E00F04D59 /* btInternalEdgeUtility.h */ = {isa = PBXFileReference; fileEncoding = 4; lastKnownFileType = sourcecode.c.h; path = btInternalEdgeUtility.h; sourceTree = "<group>"; };
		609F1706169D402E00F04D59 /* btManifoldResult.h */ = {isa = PBXFileReference; fileEncoding = 4; lastKnownFileType = sourcecode.c.h; path = btManifoldResult.h; sourceTree = "<group>"; };
		609F1707169D402E00F04D59 /* btSimulationIslandManager.h */ = {isa = PBXFileReference; fileEncoding = 4; lastKnownFileType = sourcecode.c.h; path = btSimulationIslandManager.h; sourceTree = "<group>"; };
		609F1708169D402E00F04D59 /* btSphereBoxCollisionAlgorithm.h */ = {isa = PBXFileReference; fileEncoding = 4; lastKnownFileType = sourcecode.c.h; path = btSphereBoxCollisionAlgorithm.h; sourceTree = "<group>"; };
		609F1709169D402E00F04D59 /* btSphereSphereCollisionAlgorithm.h */ = {isa = PBXFileReference; fileEncoding = 4; lastKnownFileType = sourcecode.c.h; path = btSphereSphereCollisionAlgorithm.h; sourceTree = "<group>"; };
		609F170A169D402E00F04D59 /* btSphereTriangleCollisionAlgorithm.h */ = {isa = PBXFileReference; fileEncoding = 4; lastKnownFileType = sourcecode.c.h; path = btSphereTriangleCollisionAlgorithm.h; sourceTree = "<group>"; };
		609F170B169D402E00F04D59 /* btUnionFind.h */ = {isa = PBXFileReference; fileEncoding = 4; lastKnownFileType = sourcecode.c.h; path = btUnionFind.h; sourceTree = "<group>"; };
		609F170C169D402E00F04D59 /* SphereTriangleDetector.h */ = {isa = PBXFileReference; fileEncoding = 4; lastKnownFileType = sourcecode.c.h; path = SphereTriangleDetector.h; sourceTree = "<group>"; };
		609F170E169D402E00F04D59 /* btBox2dShape.h */ = {isa = PBXFileReference; fileEncoding = 4; lastKnownFileType = sourcecode.c.h; path = btBox2dShape.h; sourceTree = "<group>"; };
		609F170F169D402E00F04D59 /* btBoxShape.h */ = {isa = PBXFileReference; fileEncoding = 4; lastKnownFileType = sourcecode.c.h; path = btBoxShape.h; sourceTree = "<group>"; };
		609F1710169D402E00F04D59 /* btBvhTriangleMeshShape.h */ = {isa = PBXFileReference; fileEncoding = 4; lastKnownFileType = sourcecode.c.h; path = btBvhTriangleMeshShape.h; sourceTree = "<group>"; };
		609F1711169D402E00F04D59 /* btCapsuleShape.h */ = {isa = PBXFileReference; fileEncoding = 4; lastKnownFileType = sourcecode.c.h; path = btCapsuleShape.h; sourceTree = "<group>"; };
		609F1712169D402E00F04D59 /* btCollisionMargin.h */ = {isa = PBXFileReference; fileEncoding = 4; lastKnownFileType = sourcecode.c.h; path = btCollisionMargin.h; sourceTree = "<group>"; };
		609F1713169D402E00F04D59 /* btCollisionShape.h */ = {isa = PBXFileReference; fileEncoding = 4; lastKnownFileType = sourcecode.c.h; path = btCollisionShape.h; sourceTree = "<group>"; };
		609F1714169D402E00F04D59 /* btCompoundShape.h */ = {isa = PBXFileReference; fileEncoding = 4; lastKnownFileType = sourcecode.c.h; path = btCompoundShape.h; sourceTree = "<group>"; };
		609F1715169D402E00F04D59 /* btConcaveShape.h */ = {isa = PBXFileReference; fileEncoding = 4; lastKnownFileType = sourcecode.c.h; path = btConcaveShape.h; sourceTree = "<group>"; };
		609F1716169D402E00F04D59 /* btConeShape.h */ = {isa = PBXFileReference; fileEncoding = 4; lastKnownFileType = sourcecode.c.h; path = btConeShape.h; sourceTree = "<group>"; };
		609F1717169D402E00F04D59 /* btConvex2dShape.h */ = {isa = PBXFileReference; fileEncoding = 4; lastKnownFileType = sourcecode.c.h; path = btConvex2dShape.h; sourceTree = "<group>"; };
		609F1718169D402E00F04D59 /* btConvexHullShape.h */ = {isa = PBXFileReference; fileEncoding = 4; lastKnownFileType = sourcecode.c.h; path = btConvexHullShape.h; sourceTree = "<group>"; };
		609F1719169D402E00F04D59 /* btConvexInternalShape.h */ = {isa = PBXFileReference; fileEncoding = 4; lastKnownFileType = sourcecode.c.h; path = btConvexInternalShape.h; sourceTree = "<group>"; };
		609F171A169D402E00F04D59 /* btConvexPointCloudShape.h */ = {isa = PBXFileReference; fileEncoding = 4; lastKnownFileType = sourcecode.c.h; path = btConvexPointCloudShape.h; sourceTree = "<group>"; };
		609F171B169D402E00F04D59 /* btConvexShape.h */ = {isa = PBXFileReference; fileEncoding = 4; lastKnownFileType = sourcecode.c.h; path = btConvexShape.h; sourceTree = "<group>"; };
		609F171C169D402E00F04D59 /* btConvexTriangleMeshShape.h */ = {isa = PBXFileReference; fileEncoding = 4; lastKnownFileType = sourcecode.c.h; path = btConvexTriangleMeshShape.h; sourceTree = "<group>"; };
		609F171D169D402E00F04D59 /* btCylinderShape.h */ = {isa = PBXFileReference; fileEncoding = 4; lastKnownFileType = sourcecode.c.h; path = btCylinderShape.h; sourceTree = "<group>"; };
		609F171E169D402E00F04D59 /* btEmptyShape.h */ = {isa = PBXFileReference; fileEncoding = 4; lastKnownFileType = sourcecode.c.h; path = btEmptyShape.h; sourceTree = "<group>"; };
		609F171F169D402E00F04D59 /* btHeightfieldTerrainShape.h */ = {isa = PBXFileReference; fileEncoding = 4; lastKnownFileType = sourcecode.c.h; path = btHeightfieldTerrainShape.h; sourceTree = "<group>"; };
		609F1720169D402E00F04D59 /* btMaterial.h */ = {isa = PBXFileReference; fileEncoding = 4; lastKnownFileType = sourcecode.c.h; path = btMaterial.h; sourceTree = "<group>"; };
		609F1721169D402E00F04D59 /* btMinkowskiSumShape.h */ = {isa = PBXFileReference; fileEncoding = 4; lastKnownFileType = sourcecode.c.h; path = btMinkowskiSumShape.h; sourceTree = "<group>"; };
		609F1722169D402E00F04D59 /* btMultimaterialTriangleMeshShape.h */ = {isa = PBXFileReference; fileEncoding = 4; lastKnownFileType = sourcecode.c.h; path = btMultimaterialTriangleMeshShape.h; sourceTree = "<group>"; };
		609F1723169D402E00F04D59 /* btMultiSphereShape.h */ = {isa = PBXFileReference; fileEncoding = 4; lastKnownFileType = sourcecode.c.h; path = btMultiSphereShape.h; sourceTree = "<group>"; };
		609F1724169D402E00F04D59 /* btOptimizedBvh.h */ = {isa = PBXFileReference; fileEncoding = 4; lastKnownFileType = sourcecode.c.h; path = btOptimizedBvh.h; sourceTree = "<group>"; };
		609F1725169D402E00F04D59 /* btPolyhedralConvexShape.h */ = {isa = PBXFileReference; fileEncoding = 4; lastKnownFileType = sourcecode.c.h; path = btPolyhedralConvexShape.h; sourceTree = "<group>"; };
		609F1726169D402E00F04D59 /* btScaledBvhTriangleMeshShape.h */ = {isa = PBXFileReference; fileEncoding = 4; lastKnownFileType = sourcecode.c.h; path = btScaledBvhTriangleMeshShape.h; sourceTree = "<group>"; };
		609F1727169D402E00F04D59 /* btShapeHull.h */ = {isa = PBXFileReference; fileEncoding = 4; lastKnownFileType = sourcecode.c.h; path = btShapeHull.h; sourceTree = "<group>"; };
		609F1728169D402E00F04D59 /* btSphereShape.h */ = {isa = PBXFileReference; fileEncoding = 4; lastKnownFileType = sourcecode.c.h; path = btSphereShape.h; sourceTree = "<group>"; };
		609F1729169D402E00F04D59 /* btStaticPlaneShape.h */ = {isa = PBXFileReference; fileEncoding = 4; lastKnownFileType = sourcecode.c.h; path = btStaticPlaneShape.h; sourceTree = "<group>"; };
		609F172A169D402E00F04D59 /* btStridingMeshInterface.h */ = {isa = PBXFileReference; fileEncoding = 4; lastKnownFileType = sourcecode.c.h; path = btStridingMeshInterface.h; sourceTree = "<group>"; };
		609F172B169D402E00F04D59 /* btTetrahedronShape.h */ = {isa = PBXFileReference; fileEncoding = 4; lastKnownFileType = sourcecode.c.h; path = btTetrahedronShape.h; sourceTree = "<group>"; };
		609F172C169D402E00F04D59 /* btTriangleBuffer.h */ = {isa = PBXFileReference; fileEncoding = 4; lastKnownFileType = sourcecode.c.h; path = btTriangleBuffer.h; sourceTree = "<group>"; };
		609F172D169D402E00F04D59 /* btTriangleCallback.h */ = {isa = PBXFileReference; fileEncoding = 4; lastKnownFileType = sourcecode.c.h; path = btTriangleCallback.h; sourceTree = "<group>"; };
		609F172E169D402E00F04D59 /* btTriangleIndexVertexArray.h */ = {isa = PBXFileReference; fileEncoding = 4; lastKnownFileType = sourcecode.c.h; path = btTriangleIndexVertexArray.h; sourceTree = "<group>"; };
		609F172F169D402E00F04D59 /* btTriangleIndexVertexMaterialArray.h */ = {isa = PBXFileReference; fileEncoding = 4; lastKnownFileType = sourcecode.c.h; path = btTriangleIndexVertexMaterialArray.h; sourceTree = "<group>"; };
		609F1730169D402E00F04D59 /* btTriangleInfoMap.h */ = {isa = PBXFileReference; fileEncoding = 4; lastKnownFileType = sourcecode.c.h; path = btTriangleInfoMap.h; sourceTree = "<group>"; };
		609F1731169D402E00F04D59 /* btTriangleMesh.h */ = {isa = PBXFileReference; fileEncoding = 4; lastKnownFileType = sourcecode.c.h; path = btTriangleMesh.h; sourceTree = "<group>"; };
		609F1732169D402E00F04D59 /* btTriangleMeshShape.h */ = {isa = PBXFileReference; fileEncoding = 4; lastKnownFileType = sourcecode.c.h; path = btTriangleMeshShape.h; sourceTree = "<group>"; };
		609F1733169D402E00F04D59 /* btTriangleShape.h */ = {isa = PBXFileReference; fileEncoding = 4; lastKnownFileType = sourcecode.c.h; path = btTriangleShape.h; sourceTree = "<group>"; };
		609F1734169D402E00F04D59 /* btUniformScalingShape.h */ = {isa = PBXFileReference; fileEncoding = 4; lastKnownFileType = sourcecode.c.h; path = btUniformScalingShape.h; sourceTree = "<group>"; };
		609F1736169D402E00F04D59 /* btBoxCollision.h */ = {isa = PBXFileReference; fileEncoding = 4; lastKnownFileType = sourcecode.c.h; path = btBoxCollision.h; sourceTree = "<group>"; };
		609F1737169D402E00F04D59 /* btClipPolygon.h */ = {isa = PBXFileReference; fileEncoding = 4; lastKnownFileType = sourcecode.c.h; path = btClipPolygon.h; sourceTree = "<group>"; };
		609F1738169D402E00F04D59 /* btContactProcessing.h */ = {isa = PBXFileReference; fileEncoding = 4; lastKnownFileType = sourcecode.c.h; path = btContactProcessing.h; sourceTree = "<group>"; };
		609F1739169D402E00F04D59 /* btGenericPoolAllocator.h */ = {isa = PBXFileReference; fileEncoding = 4; lastKnownFileType = sourcecode.c.h; path = btGenericPoolAllocator.h; sourceTree = "<group>"; };
		609F173A169D402E00F04D59 /* btGeometryOperations.h */ = {isa = PBXFileReference; fileEncoding = 4; lastKnownFileType = sourcecode.c.h; path = btGeometryOperations.h; sourceTree = "<group>"; };
		609F173B169D402E00F04D59 /* btGImpactBvh.h */ = {isa = PBXFileReference; fileEncoding = 4; lastKnownFileType = sourcecode.c.h; path = btGImpactBvh.h; sourceTree = "<group>"; };
		609F173C169D402E00F04D59 /* btGImpactCollisionAlgorithm.h */ = {isa = PBXFileReference; fileEncoding = 4; lastKnownFileType = sourcecode.c.h; path = btGImpactCollisionAlgorithm.h; sourceTree = "<group>"; };
		609F173D169D402E00F04D59 /* btGImpactMassUtil.h */ = {isa = PBXFileReference; fileEncoding = 4; lastKnownFileType = sourcecode.c.h; path = btGImpactMassUtil.h; sourceTree = "<group>"; };
		609F173E169D402E00F04D59 /* btGImpactQuantizedBvh.h */ = {isa = PBXFileReference; fileEncoding = 4; lastKnownFileType = sourcecode.c.h; path = btGImpactQuantizedBvh.h; sourceTree = "<group>"; };
		609F173F169D402E00F04D59 /* btGImpactShape.h */ = {isa = PBXFileReference; fileEncoding = 4; lastKnownFileType = sourcecode.c.h; path = btGImpactShape.h; sourceTree = "<group>"; };
		609F1740169D402E00F04D59 /* btQuantization.h */ = {isa = PBXFileReference; fileEncoding = 4; lastKnownFileType = sourcecode.c.h; path = btQuantization.h; sourceTree = "<group>"; };
		609F1741169D402E00F04D59 /* btTriangleShapeEx.h */ = {isa = PBXFileReference; fileEncoding = 4; lastKnownFileType = sourcecode.c.h; path = btTriangleShapeEx.h; sourceTree = "<group>"; };
		609F1742169D402E00F04D59 /* gim_array.h */ = {isa = PBXFileReference; fileEncoding = 4; lastKnownFileType = sourcecode.c.h; path = gim_array.h; sourceTree = "<group>"; };
		609F1743169D402E00F04D59 /* gim_basic_geometry_operations.h */ = {isa = PBXFileReference; fileEncoding = 4; lastKnownFileType = sourcecode.c.h; path = gim_basic_geometry_operations.h; sourceTree = "<group>"; };
		609F1744169D402E00F04D59 /* gim_bitset.h */ = {isa = PBXFileReference; fileEncoding = 4; lastKnownFileType = sourcecode.c.h; path = gim_bitset.h; sourceTree = "<group>"; };
		609F1745169D402E00F04D59 /* gim_box_collision.h */ = {isa = PBXFileReference; fileEncoding = 4; lastKnownFileType = sourcecode.c.h; path = gim_box_collision.h; sourceTree = "<group>"; };
		609F1746169D402E00F04D59 /* gim_box_set.h */ = {isa = PBXFileReference; fileEncoding = 4; lastKnownFileType = sourcecode.c.h; path = gim_box_set.h; sourceTree = "<group>"; };
		609F1747169D402E00F04D59 /* gim_clip_polygon.h */ = {isa = PBXFileReference; fileEncoding = 4; lastKnownFileType = sourcecode.c.h; path = gim_clip_polygon.h; sourceTree = "<group>"; };
		609F1748169D402E00F04D59 /* gim_contact.h */ = {isa = PBXFileReference; fileEncoding = 4; lastKnownFileType = sourcecode.c.h; path = gim_contact.h; sourceTree = "<group>"; };
		609F1749169D402E00F04D59 /* gim_geom_types.h */ = {isa = PBXFileReference; fileEncoding = 4; lastKnownFileType = sourcecode.c.h; path = gim_geom_types.h; sourceTree = "<group>"; };
		609F174A169D402E00F04D59 /* gim_geometry.h */ = {isa = PBXFileReference; fileEncoding = 4; lastKnownFileType = sourcecode.c.h; path = gim_geometry.h; sourceTree = "<group>"; };
		609F174B169D402E00F04D59 /* gim_hash_table.h */ = {isa = PBXFileReference; fileEncoding = 4; lastKnownFileType = sourcecode.c.h; path = gim_hash_table.h; sourceTree = "<group>"; };
		609F174C169D402E00F04D59 /* gim_linear_math.h */ = {isa = PBXFileReference; fileEncoding = 4; lastKnownFileType = sourcecode.c.h; path = gim_linear_math.h; sourceTree = "<group>"; };
		609F174D169D402E00F04D59 /* gim_math.h */ = {isa = PBXFileReference; fileEncoding = 4; lastKnownFileType = sourcecode.c.h; path = gim_math.h; sourceTree = "<group>"; };
		609F174E169D402E00F04D59 /* gim_memory.h */ = {isa = PBXFileReference; fileEncoding = 4; lastKnownFileType = sourcecode.c.h; path = gim_memory.h; sourceTree = "<group>"; };
		609F174F169D402E00F04D59 /* gim_radixsort.h */ = {isa = PBXFileReference; fileEncoding = 4; lastKnownFileType = sourcecode.c.h; path = gim_radixsort.h; sourceTree = "<group>"; };
		609F1750169D402E00F04D59 /* gim_tri_collision.h */ = {isa = PBXFileReference; fileEncoding = 4; lastKnownFileType = sourcecode.c.h; path = gim_tri_collision.h; sourceTree = "<group>"; };
		609F1752169D402E00F04D59 /* btContinuousConvexCollision.h */ = {isa = PBXFileReference; fileEncoding = 4; lastKnownFileType = sourcecode.c.h; path = btContinuousConvexCollision.h; sourceTree = "<group>"; };
		609F1753169D402E00F04D59 /* btConvexCast.h */ = {isa = PBXFileReference; fileEncoding = 4; lastKnownFileType = sourcecode.c.h; path = btConvexCast.h; sourceTree = "<group>"; };
		609F1754169D402E00F04D59 /* btConvexPenetrationDepthSolver.h */ = {isa = PBXFileReference; fileEncoding = 4; lastKnownFileType = sourcecode.c.h; path = btConvexPenetrationDepthSolver.h; sourceTree = "<group>"; };
		609F1755169D402E00F04D59 /* btDiscreteCollisionDetectorInterface.h */ = {isa = PBXFileReference; fileEncoding = 4; lastKnownFileType = sourcecode.c.h; path = btDiscreteCollisionDetectorInterface.h; sourceTree = "<group>"; };
		609F1756169D402E00F04D59 /* btGjkConvexCast.h */ = {isa = PBXFileReference; fileEncoding = 4; lastKnownFileType = sourcecode.c.h; path = btGjkConvexCast.h; sourceTree = "<group>"; };
		609F1757169D402E00F04D59 /* btGjkEpa2.h */ = {isa = PBXFileReference; fileEncoding = 4; lastKnownFileType = sourcecode.c.h; path = btGjkEpa2.h; sourceTree = "<group>"; };
		609F1758169D402E00F04D59 /* btGjkEpaPenetrationDepthSolver.h */ = {isa = PBXFileReference; fileEncoding = 4; lastKnownFileType = sourcecode.c.h; path = btGjkEpaPenetrationDepthSolver.h; sourceTree = "<group>"; };
		609F1759169D402E00F04D59 /* btGjkPairDetector.h */ = {isa = PBXFileReference; fileEncoding = 4; lastKnownFileType = sourcecode.c.h; path = btGjkPairDetector.h; sourceTree = "<group>"; };
		609F175A169D402E00F04D59 /* btManifoldPoint.h */ = {isa = PBXFileReference; fileEncoding = 4; lastKnownFileType = sourcecode.c.h; path = btManifoldPoint.h; sourceTree = "<group>"; };
		609F175B169D402E00F04D59 /* btMinkowskiPenetrationDepthSolver.h */ = {isa = PBXFileReference; fileEncoding = 4; lastKnownFileType = sourcecode.c.h; path = btMinkowskiPenetrationDepthSolver.h; sourceTree = "<group>"; };
		609F175C169D402E00F04D59 /* btPersistentManifold.h */ = {isa = PBXFileReference; fileEncoding = 4; lastKnownFileType = sourcecode.c.h; path = btPersistentManifold.h; sourceTree = "<group>"; };
		609F175D169D402E00F04D59 /* btPointCollector.h */ = {isa = PBXFileReference; fileEncoding = 4; lastKnownFileType = sourcecode.c.h; path = btPointCollector.h; sourceTree = "<group>"; };
		609F175E169D402E00F04D59 /* btRaycastCallback.h */ = {isa = PBXFileReference; fileEncoding = 4; lastKnownFileType = sourcecode.c.h; path = btRaycastCallback.h; sourceTree = "<group>"; };
		609F175F169D402E00F04D59 /* btSimplexSolverInterface.h */ = {isa = PBXFileReference; fileEncoding = 4; lastKnownFileType = sourcecode.c.h; path = btSimplexSolverInterface.h; sourceTree = "<group>"; };
		609F1760169D402E00F04D59 /* btSubSimplexConvexCast.h */ = {isa = PBXFileReference; fileEncoding = 4; lastKnownFileType = sourcecode.c.h; path = btSubSimplexConvexCast.h; sourceTree = "<group>"; };
		609F1761169D402E00F04D59 /* btVoronoiSimplexSolver.h */ = {isa = PBXFileReference; fileEncoding = 4; lastKnownFileType = sourcecode.c.h; path = btVoronoiSimplexSolver.h; sourceTree = "<group>"; };
		609F1764169D402E00F04D59 /* btCharacterControllerInterface.h */ = {isa = PBXFileReference; fileEncoding = 4; lastKnownFileType = sourcecode.c.h; path = btCharacterControllerInterface.h; sourceTree = "<group>"; };
		609F1765169D402E00F04D59 /* btKinematicCharacterController.h */ = {isa = PBXFileReference; fileEncoding = 4; lastKnownFileType = sourcecode.c.h; path = btKinematicCharacterController.h; sourceTree = "<group>"; };
		609F1767169D402E00F04D59 /* btConeTwistConstraint.h */ = {isa = PBXFileReference; fileEncoding = 4; lastKnownFileType = sourcecode.c.h; path = btConeTwistConstraint.h; sourceTree = "<group>"; };
		609F1768169D402E00F04D59 /* btConstraintSolver.h */ = {isa = PBXFileReference; fileEncoding = 4; lastKnownFileType = sourcecode.c.h; path = btConstraintSolver.h; sourceTree = "<group>"; };
		609F1769169D402E00F04D59 /* btContactConstraint.h */ = {isa = PBXFileReference; fileEncoding = 4; lastKnownFileType = sourcecode.c.h; path = btContactConstraint.h; sourceTree = "<group>"; };
		609F176A169D402E00F04D59 /* btContactSolverInfo.h */ = {isa = PBXFileReference; fileEncoding = 4; lastKnownFileType = sourcecode.c.h; path = btContactSolverInfo.h; sourceTree = "<group>"; };
		609F176B169D402E00F04D59 /* btGearConstraint.h */ = {isa = PBXFileReference; fileEncoding = 4; lastKnownFileType = sourcecode.c.h; path = btGearConstraint.h; sourceTree = "<group>"; };
		609F176C169D402E00F04D59 /* btGeneric6DofConstraint.h */ = {isa = PBXFileReference; fileEncoding = 4; lastKnownFileType = sourcecode.c.h; path = btGeneric6DofConstraint.h; sourceTree = "<group>"; };
		609F176D169D402E00F04D59 /* btGeneric6DofSpringConstraint.h */ = {isa = PBXFileReference; fileEncoding = 4; lastKnownFileType = sourcecode.c.h; path = btGeneric6DofSpringConstraint.h; sourceTree = "<group>"; };
		609F176E169D402E00F04D59 /* btHinge2Constraint.h */ = {isa = PBXFileReference; fileEncoding = 4; lastKnownFileType = sourcecode.c.h; path = btHinge2Constraint.h; sourceTree = "<group>"; };
		609F176F169D402E00F04D59 /* btHingeConstraint.h */ = {isa = PBXFileReference; fileEncoding = 4; lastKnownFileType = sourcecode.c.h; path = btHingeConstraint.h; sourceTree = "<group>"; };
		609F1770169D402E00F04D59 /* btJacobianEntry.h */ = {isa = PBXFileReference; fileEncoding = 4; lastKnownFileType = sourcecode.c.h; path = btJacobianEntry.h; sourceTree = "<group>"; };
		609F1771169D402E00F04D59 /* btPoint2PointConstraint.h */ = {isa = PBXFileReference; fileEncoding = 4; lastKnownFileType = sourcecode.c.h; path = btPoint2PointConstraint.h; sourceTree = "<group>"; };
		609F1772169D402E00F04D59 /* btSequentialImpulseConstraintSolver.h */ = {isa = PBXFileReference; fileEncoding = 4; lastKnownFileType = sourcecode.c.h; path = btSequentialImpulseConstraintSolver.h; sourceTree = "<group>"; };
		609F1773169D402E00F04D59 /* btSliderConstraint.h */ = {isa = PBXFileReference; fileEncoding = 4; lastKnownFileType = sourcecode.c.h; path = btSliderConstraint.h; sourceTree = "<group>"; };
		609F1774169D402E00F04D59 /* btSolve2LinearConstraint.h */ = {isa = PBXFileReference; fileEncoding = 4; lastKnownFileType = sourcecode.c.h; path = btSolve2LinearConstraint.h; sourceTree = "<group>"; };
		609F1775169D402E00F04D59 /* btSolverBody.h */ = {isa = PBXFileReference; fileEncoding = 4; lastKnownFileType = sourcecode.c.h; path = btSolverBody.h; sourceTree = "<group>"; };
		609F1776169D402E00F04D59 /* btSolverConstraint.h */ = {isa = PBXFileReference; fileEncoding = 4; lastKnownFileType = sourcecode.c.h; path = btSolverConstraint.h; sourceTree = "<group>"; };
		609F1777169D402E00F04D59 /* btTypedConstraint.h */ = {isa = PBXFileReference; fileEncoding = 4; lastKnownFileType = sourcecode.c.h; path = btTypedConstraint.h; sourceTree = "<group>"; };
		609F1778169D402E00F04D59 /* btUniversalConstraint.h */ = {isa = PBXFileReference; fileEncoding = 4; lastKnownFileType = sourcecode.c.h; path = btUniversalConstraint.h; sourceTree = "<group>"; };
		609F177A169D402E00F04D59 /* btActionInterface.h */ = {isa = PBXFileReference; fileEncoding = 4; lastKnownFileType = sourcecode.c.h; path = btActionInterface.h; sourceTree = "<group>"; };
		609F177B169D402E00F04D59 /* btDiscreteDynamicsWorld.h */ = {isa = PBXFileReference; fileEncoding = 4; lastKnownFileType = sourcecode.c.h; path = btDiscreteDynamicsWorld.h; sourceTree = "<group>"; };
		609F177C169D402E00F04D59 /* btDynamicsWorld.h */ = {isa = PBXFileReference; fileEncoding = 4; lastKnownFileType = sourcecode.c.h; path = btDynamicsWorld.h; sourceTree = "<group>"; };
		609F177D169D402E00F04D59 /* btRigidBody.h */ = {isa = PBXFileReference; fileEncoding = 4; lastKnownFileType = sourcecode.c.h; path = btRigidBody.h; sourceTree = "<group>"; };
		609F177E169D402E00F04D59 /* btSimpleDynamicsWorld.h */ = {isa = PBXFileReference; fileEncoding = 4; lastKnownFileType = sourcecode.c.h; path = btSimpleDynamicsWorld.h; sourceTree = "<group>"; };
		609F1780169D402E00F04D59 /* btRaycastVehicle.h */ = {isa = PBXFileReference; fileEncoding = 4; lastKnownFileType = sourcecode.c.h; path = btRaycastVehicle.h; sourceTree = "<group>"; };
		609F1781169D402E00F04D59 /* btVehicleRaycaster.h */ = {isa = PBXFileReference; fileEncoding = 4; lastKnownFileType = sourcecode.c.h; path = btVehicleRaycaster.h; sourceTree = "<group>"; };
		609F1782169D402E00F04D59 /* btWheelInfo.h */ = {isa = PBXFileReference; fileEncoding = 4; lastKnownFileType = sourcecode.c.h; path = btWheelInfo.h; sourceTree = "<group>"; };
		609F1784169D402E00F04D59 /* btSoftBody.h */ = {isa = PBXFileReference; fileEncoding = 4; lastKnownFileType = sourcecode.c.h; path = btSoftBody.h; sourceTree = "<group>"; };
		609F1785169D402E00F04D59 /* btSoftBodyConcaveCollisionAlgorithm.h */ = {isa = PBXFileReference; fileEncoding = 4; lastKnownFileType = sourcecode.c.h; path = btSoftBodyConcaveCollisionAlgorithm.h; sourceTree = "<group>"; };
		609F1786169D402E00F04D59 /* btSoftBodyHelpers.h */ = {isa = PBXFileReference; fileEncoding = 4; lastKnownFileType = sourcecode.c.h; path = btSoftBodyHelpers.h; sourceTree = "<group>"; };
		609F1787169D402E00F04D59 /* btSoftBodyInternals.h */ = {isa = PBXFileReference; fileEncoding = 4; lastKnownFileType = sourcecode.c.h; path = btSoftBodyInternals.h; sourceTree = "<group>"; };
		609F1788169D402E00F04D59 /* btSoftBodyRigidBodyCollisionConfiguration.h */ = {isa = PBXFileReference; fileEncoding = 4; lastKnownFileType = sourcecode.c.h; path = btSoftBodyRigidBodyCollisionConfiguration.h; sourceTree = "<group>"; };
		609F1789169D402E00F04D59 /* btSoftRigidCollisionAlgorithm.h */ = {isa = PBXFileReference; fileEncoding = 4; lastKnownFileType = sourcecode.c.h; path = btSoftRigidCollisionAlgorithm.h; sourceTree = "<group>"; };
		609F178A169D402E00F04D59 /* btSoftRigidDynamicsWorld.h */ = {isa = PBXFileReference; fileEncoding = 4; lastKnownFileType = sourcecode.c.h; path = btSoftRigidDynamicsWorld.h; sourceTree = "<group>"; };
		609F178B169D402E00F04D59 /* btSoftSoftCollisionAlgorithm.h */ = {isa = PBXFileReference; fileEncoding = 4; lastKnownFileType = sourcecode.c.h; path = btSoftSoftCollisionAlgorithm.h; sourceTree = "<group>"; };
		609F178C169D402E00F04D59 /* btSparseSDF.h */ = {isa = PBXFileReference; fileEncoding = 4; lastKnownFileType = sourcecode.c.h; path = btSparseSDF.h; sourceTree = "<group>"; };
		609F178E169D402E00F04D59 /* btAabbUtil2.h */ = {isa = PBXFileReference; fileEncoding = 4; lastKnownFileType = sourcecode.c.h; path = btAabbUtil2.h; sourceTree = "<group>"; };
		609F178F169D402E00F04D59 /* btAlignedAllocator.h */ = {isa = PBXFileReference; fileEncoding = 4; lastKnownFileType = sourcecode.c.h; path = btAlignedAllocator.h; sourceTree = "<group>"; };
		609F1790169D402E00F04D59 /* btAlignedObjectArray.h */ = {isa = PBXFileReference; fileEncoding = 4; lastKnownFileType = sourcecode.c.h; path = btAlignedObjectArray.h; sourceTree = "<group>"; };
		609F1791169D402E00F04D59 /* btConvexHull.h */ = {isa = PBXFileReference; fileEncoding = 4; lastKnownFileType = sourcecode.c.h; path = btConvexHull.h; sourceTree = "<group>"; };
		609F1792169D402E00F04D59 /* btDefaultMotionState.h */ = {isa = PBXFileReference; fileEncoding = 4; lastKnownFileType = sourcecode.c.h; path = btDefaultMotionState.h; sourceTree = "<group>"; };
		609F1793169D402E00F04D59 /* btGeometryUtil.h */ = {isa = PBXFileReference; fileEncoding = 4; lastKnownFileType = sourcecode.c.h; path = btGeometryUtil.h; sourceTree = "<group>"; };
		609F1794169D402E00F04D59 /* btHashMap.h */ = {isa = PBXFileReference; fileEncoding = 4; lastKnownFileType = sourcecode.c.h; path = btHashMap.h; sourceTree = "<group>"; };
		609F1795169D402E00F04D59 /* btIDebugDraw.h */ = {isa = PBXFileReference; fileEncoding = 4; lastKnownFileType = sourcecode.c.h; path = btIDebugDraw.h; sourceTree = "<group>"; };
		609F1796169D402E00F04D59 /* btList.h */ = {isa = PBXFileReference; fileEncoding = 4; lastKnownFileType = sourcecode.c.h; path = btList.h; sourceTree = "<group>"; };
		609F1797169D402E00F04D59 /* btMatrix3x3.h */ = {isa = PBXFileReference; fileEncoding = 4; lastKnownFileType = sourcecode.c.h; path = btMatrix3x3.h; sourceTree = "<group>"; };
		609F1798169D402E00F04D59 /* btMinMax.h */ = {isa = PBXFileReference; fileEncoding = 4; lastKnownFileType = sourcecode.c.h; path = btMinMax.h; sourceTree = "<group>"; };
		609F1799169D402E00F04D59 /* btMotionState.h */ = {isa = PBXFileReference; fileEncoding = 4; lastKnownFileType = sourcecode.c.h; path = btMotionState.h; sourceTree = "<group>"; };
		609F179A169D402E00F04D59 /* btPolarDecomposition.h */ = {isa = PBXFileReference; fileEncoding = 4; lastKnownFileType = sourcecode.c.h; path = btPolarDecomposition.h; sourceTree = "<group>"; };
		609F179B169D402E00F04D59 /* btPoolAllocator.h */ = {isa = PBXFileReference; fileEncoding = 4; lastKnownFileType = sourcecode.c.h; path = btPoolAllocator.h; sourceTree = "<group>"; };
		609F179C169D402E00F04D59 /* btQuadWord.h */ = {isa = PBXFileReference; fileEncoding = 4; lastKnownFileType = sourcecode.c.h; path = btQuadWord.h; sourceTree = "<group>"; };
		609F179D169D402E00F04D59 /* btQuaternion.h */ = {isa = PBXFileReference; fileEncoding = 4; lastKnownFileType = sourcecode.c.h; path = btQuaternion.h; sourceTree = "<group>"; };
		609F179E169D402E00F04D59 /* btQuickprof.h */ = {isa = PBXFileReference; fileEncoding = 4; lastKnownFileType = sourcecode.c.h; path = btQuickprof.h; sourceTree = "<group>"; };
		609F179F169D402E00F04D59 /* btRandom.h */ = {isa = PBXFileReference; fileEncoding = 4; lastKnownFileType = sourcecode.c.h; path = btRandom.h; sourceTree = "<group>"; };
		609F17A0169D402E00F04D59 /* btScalar.h */ = {isa = PBXFileReference; fileEncoding = 4; lastKnownFileType = sourcecode.c.h; path = btScalar.h; sourceTree = "<group>"; };
		609F17A1169D402E00F04D59 /* btSerializer.h */ = {isa = PBXFileReference; fileEncoding = 4; lastKnownFileType = sourcecode.c.h; path = btSerializer.h; sourceTree = "<group>"; };
		609F17A2169D402E00F04D59 /* btStackAlloc.h */ = {isa = PBXFileReference; fileEncoding = 4; lastKnownFileType = sourcecode.c.h; path = btStackAlloc.h; sourceTree = "<group>"; };
		609F17A3169D402E00F04D59 /* btTransform.h */ = {isa = PBXFileReference; fileEncoding = 4; lastKnownFileType = sourcecode.c.h; path = btTransform.h; sourceTree = "<group>"; };
		609F17A4169D402E00F04D59 /* btTransformUtil.h */ = {isa = PBXFileReference; fileEncoding = 4; lastKnownFileType = sourcecode.c.h; path = btTransformUtil.h; sourceTree = "<group>"; };
		609F17A5169D402E00F04D59 /* btVector3.h */ = {isa = PBXFileReference; fileEncoding = 4; lastKnownFileType = sourcecode.c.h; path = btVector3.h; sourceTree = "<group>"; };
		609F17A8169D402E00F04D59 /* libBulletCollision.a */ = {isa = PBXFileReference; lastKnownFileType = archive.ar; path = libBulletCollision.a; sourceTree = "<group>"; };
		609F17A9169D402E00F04D59 /* libBulletDynamics.a */ = {isa = PBXFileReference; lastKnownFileType = archive.ar; path = libBulletDynamics.a; sourceTree = "<group>"; };
		609F17AA169D402E00F04D59 /* libBulletSoftBody.a */ = {isa = PBXFileReference; lastKnownFileType = archive.ar; path = libBulletSoftBody.a; sourceTree = "<group>"; };
		609F17AB169D402E00F04D59 /* libLinearMath.a */ = {isa = PBXFileReference; lastKnownFileType = archive.ar; path = libLinearMath.a; sourceTree = "<group>"; };
		609F17B0169D55FA00F04D59 /* ofxBtSoftbodyWorld.cpp */ = {isa = PBXFileReference; fileEncoding = 4; lastKnownFileType = sourcecode.cpp.cpp; path = ofxBtSoftbodyWorld.cpp; sourceTree = "<group>"; };
		609F17B1169D55FA00F04D59 /* ofxBtSoftbodyWorld.h */ = {isa = PBXFileReference; fileEncoding = 4; lastKnownFileType = sourcecode.c.h; path = ofxBtSoftbodyWorld.h; sourceTree = "<group>"; };
		609F17B2169D55FA00F04D59 /* ofxBtWorld.cpp */ = {isa = PBXFileReference; fileEncoding = 4; lastKnownFileType = sourcecode.cpp.cpp; path = ofxBtWorld.cpp; sourceTree = "<group>"; };
		609F17B3169D55FA00F04D59 /* ofxBtWorld.h */ = {isa = PBXFileReference; fileEncoding = 4; lastKnownFileType = sourcecode.c.h; path = ofxBtWorld.h; sourceTree = "<group>"; };
		609F17B6169D56E600F04D59 /* ofxBtRigid.cpp */ = {isa = PBXFileReference; fileEncoding = 4; lastKnownFileType = sourcecode.cpp.cpp; path = ofxBtRigid.cpp; sourceTree = "<group>"; };
		609F17B7169D56E600F04D59 /* ofxBtRigid.h */ = {isa = PBXFileReference; fileEncoding = 4; lastKnownFileType = sourcecode.c.h; path = ofxBtRigid.h; sourceTree = "<group>"; };
		609F17B9169D57D100F04D59 /* ofxBtRender.h */ = {isa = PBXFileReference; fileEncoding = 4; lastKnownFileType = sourcecode.c.h; path = ofxBtRender.h; sourceTree = "<group>"; };
		609F17BA169D856100F04D59 /* ofxBtSoft.cpp */ = {isa = PBXFileReference; fileEncoding = 4; lastKnownFileType = sourcecode.cpp.cpp; path = ofxBtSoft.cpp; sourceTree = "<group>"; };
		609F17BB169D856100F04D59 /* ofxBtSoft.h */ = {isa = PBXFileReference; fileEncoding = 4; lastKnownFileType = sourcecode.c.h; path = ofxBtSoft.h; sourceTree = "<group>"; };
		60EF03B41513F09000FC5D12 /* ofxBt.cpp */ = {isa = PBXFileReference; fileEncoding = 4; lastKnownFileType = sourcecode.cpp.cpp; path = ofxBt.cpp; sourceTree = "<group>"; };
		60EF03B51513F09000FC5D12 /* ofxBt.h */ = {isa = PBXFileReference; fileEncoding = 4; lastKnownFileType = sourcecode.c.h; path = ofxBt.h; sourceTree = "<group>"; };
		60EF03B61513F09000FC5D12 /* ofxBtHelper.h */ = {isa = PBXFileReference; fileEncoding = 4; lastKnownFileType = sourcecode.c.h; path = ofxBtHelper.h; sourceTree = "<group>"; };
		BBAB23BE13894E4700AA2426 /* GLUT.framework */ = {isa = PBXFileReference; lastKnownFileType = wrapper.framework; name = GLUT.framework; path = ../../../libs/glut/lib/osx/GLUT.framework; sourceTree = "<group>"; };
		E4328143138ABC890047C5CB /* openFrameworksLib.xcodeproj */ = {isa = PBXFileReference; lastKnownFileType = "wrapper.pb-project"; name = openFrameworksLib.xcodeproj; path = ../../../libs/openFrameworksCompiled/project/osx/openFrameworksLib.xcodeproj; sourceTree = SOURCE_ROOT; };
		E45BE9710E8CC7DD009D7055 /* AGL.framework */ = {isa = PBXFileReference; lastKnownFileType = wrapper.framework; name = AGL.framework; path = /System/Library/Frameworks/AGL.framework; sourceTree = "<absolute>"; };
		E45BE9720E8CC7DD009D7055 /* ApplicationServices.framework */ = {isa = PBXFileReference; lastKnownFileType = wrapper.framework; name = ApplicationServices.framework; path = /System/Library/Frameworks/ApplicationServices.framework; sourceTree = "<absolute>"; };
		E45BE9730E8CC7DD009D7055 /* AudioToolbox.framework */ = {isa = PBXFileReference; lastKnownFileType = wrapper.framework; name = AudioToolbox.framework; path = /System/Library/Frameworks/AudioToolbox.framework; sourceTree = "<absolute>"; };
		E45BE9740E8CC7DD009D7055 /* Carbon.framework */ = {isa = PBXFileReference; lastKnownFileType = wrapper.framework; name = Carbon.framework; path = /System/Library/Frameworks/Carbon.framework; sourceTree = "<absolute>"; };
		E45BE9750E8CC7DD009D7055 /* CoreAudio.framework */ = {isa = PBXFileReference; lastKnownFileType = wrapper.framework; name = CoreAudio.framework; path = /System/Library/Frameworks/CoreAudio.framework; sourceTree = "<absolute>"; };
		E45BE9760E8CC7DD009D7055 /* CoreFoundation.framework */ = {isa = PBXFileReference; lastKnownFileType = wrapper.framework; name = CoreFoundation.framework; path = /System/Library/Frameworks/CoreFoundation.framework; sourceTree = "<absolute>"; };
		E45BE9770E8CC7DD009D7055 /* CoreServices.framework */ = {isa = PBXFileReference; lastKnownFileType = wrapper.framework; name = CoreServices.framework; path = /System/Library/Frameworks/CoreServices.framework; sourceTree = "<absolute>"; };
		E45BE9790E8CC7DD009D7055 /* OpenGL.framework */ = {isa = PBXFileReference; lastKnownFileType = wrapper.framework; name = OpenGL.framework; path = /System/Library/Frameworks/OpenGL.framework; sourceTree = "<absolute>"; };
		E45BE97A0E8CC7DD009D7055 /* QuickTime.framework */ = {isa = PBXFileReference; lastKnownFileType = wrapper.framework; name = QuickTime.framework; path = /System/Library/Frameworks/QuickTime.framework; sourceTree = "<absolute>"; };
		E4B69B5B0A3A1756003C02F2 /* example-softbodyDebug.app */ = {isa = PBXFileReference; explicitFileType = wrapper.application; includeInIndex = 0; path = "example-softbodyDebug.app"; sourceTree = BUILT_PRODUCTS_DIR; };
		E4B69E1D0A3A1BDC003C02F2 /* main.cpp */ = {isa = PBXFileReference; fileEncoding = 30; lastKnownFileType = sourcecode.cpp.cpp; name = main.cpp; path = src/main.cpp; sourceTree = SOURCE_ROOT; };
		E4B69E1E0A3A1BDC003C02F2 /* testApp.cpp */ = {isa = PBXFileReference; explicitFileType = sourcecode.cpp.cpp; fileEncoding = 4; name = testApp.cpp; path = src/testApp.cpp; sourceTree = SOURCE_ROOT; };
		E4B69E1F0A3A1BDC003C02F2 /* testApp.h */ = {isa = PBXFileReference; fileEncoding = 30; lastKnownFileType = sourcecode.c.h; name = testApp.h; path = src/testApp.h; sourceTree = SOURCE_ROOT; };
		E4B6FCAD0C3E899E008CF71C /* openFrameworks-Info.plist */ = {isa = PBXFileReference; fileEncoding = 30; lastKnownFileType = text.plist.xml; path = "openFrameworks-Info.plist"; sourceTree = "<group>"; };
		E4C2424410CC5A17004149E2 /* AppKit.framework */ = {isa = PBXFileReference; lastKnownFileType = wrapper.framework; name = AppKit.framework; path = /System/Library/Frameworks/AppKit.framework; sourceTree = "<absolute>"; };
		E4C2424510CC5A17004149E2 /* Cocoa.framework */ = {isa = PBXFileReference; lastKnownFileType = wrapper.framework; name = Cocoa.framework; path = /System/Library/Frameworks/Cocoa.framework; sourceTree = "<absolute>"; };
		E4C2424610CC5A17004149E2 /* IOKit.framework */ = {isa = PBXFileReference; lastKnownFileType = wrapper.framework; name = IOKit.framework; path = /System/Library/Frameworks/IOKit.framework; sourceTree = "<absolute>"; };
		E4EB691F138AFCF100A09F29 /* CoreOF.xcconfig */ = {isa = PBXFileReference; fileEncoding = 4; lastKnownFileType = text.xcconfig; name = CoreOF.xcconfig; path = ../../../libs/openFrameworksCompiled/project/osx/CoreOF.xcconfig; sourceTree = SOURCE_ROOT; };
		E4EB6923138AFD0F00A09F29 /* Project.xcconfig */ = {isa = PBXFileReference; fileEncoding = 4; lastKnownFileType = text.xcconfig; path = Project.xcconfig; sourceTree = "<group>"; };
/* End PBXFileReference section */

/* Begin PBXFrameworksBuildPhase section */
		E4B69B590A3A1756003C02F2 /* Frameworks */ = {
			isa = PBXFrameworksBuildPhase;
			buildActionMask = 2147483647;
			files = (
				E4EB6799138ADC1D00A09F29 /* GLUT.framework in Frameworks */,
				E4328149138ABC9F0047C5CB /* openFrameworksDebug.a in Frameworks */,
				E45BE97B0E8CC7DD009D7055 /* AGL.framework in Frameworks */,
				E45BE97C0E8CC7DD009D7055 /* ApplicationServices.framework in Frameworks */,
				E45BE97D0E8CC7DD009D7055 /* AudioToolbox.framework in Frameworks */,
				E45BE97E0E8CC7DD009D7055 /* Carbon.framework in Frameworks */,
				E45BE97F0E8CC7DD009D7055 /* CoreAudio.framework in Frameworks */,
				E45BE9800E8CC7DD009D7055 /* CoreFoundation.framework in Frameworks */,
				E45BE9810E8CC7DD009D7055 /* CoreServices.framework in Frameworks */,
				E45BE9830E8CC7DD009D7055 /* OpenGL.framework in Frameworks */,
				E45BE9840E8CC7DD009D7055 /* QuickTime.framework in Frameworks */,
				E4C2424710CC5A17004149E2 /* AppKit.framework in Frameworks */,
				E4C2424810CC5A17004149E2 /* Cocoa.framework in Frameworks */,
				E4C2424910CC5A17004149E2 /* IOKit.framework in Frameworks */,
				609F17AC169D402E00F04D59 /* libBulletCollision.a in Frameworks */,
				609F17AD169D402E00F04D59 /* libBulletDynamics.a in Frameworks */,
				609F17AE169D402E00F04D59 /* libBulletSoftBody.a in Frameworks */,
				609F17AF169D402E00F04D59 /* libLinearMath.a in Frameworks */,
			);
			runOnlyForDeploymentPostprocessing = 0;
		};
/* End PBXFrameworksBuildPhase section */

/* Begin PBXGroup section */
		609F16DC169D402E00F04D59 /* libs */ = {
			isa = PBXGroup;
			children = (
				609F16DD169D402E00F04D59 /* bullet */,
			);
			path = libs;
			sourceTree = "<group>";
		};
		609F16DD169D402E00F04D59 /* bullet */ = {
			isa = PBXGroup;
			children = (
				609F16DE169D402E00F04D59 /* COPYING */,
				609F16DF169D402E00F04D59 /* include */,
				609F17A6169D402E00F04D59 /* lib */,
			);
			path = bullet;
			sourceTree = "<group>";
		};
		609F16DF169D402E00F04D59 /* include */ = {
			isa = PBXGroup;
			children = (
				609F16E0169D402E00F04D59 /* bullet */,
			);
			path = include;
			sourceTree = "<group>";
		};
		609F16E0169D402E00F04D59 /* bullet */ = {
			isa = PBXGroup;
			children = (
				609F16E1169D402E00F04D59 /* btBulletCollisionCommon.h */,
				609F16E2169D402E00F04D59 /* btBulletDynamicsCommon.h */,
				609F16E3169D402E00F04D59 /* Bullet-C-Api.h */,
				609F16E4169D402E00F04D59 /* BulletCollision */,
				609F1762169D402E00F04D59 /* BulletDynamics */,
				609F1783169D402E00F04D59 /* BulletSoftBody */,
				609F178D169D402E00F04D59 /* LinearMath */,
			);
			path = bullet;
			sourceTree = "<group>";
		};
		609F16E4169D402E00F04D59 /* BulletCollision */ = {
			isa = PBXGroup;
			children = (
				609F16E5169D402E00F04D59 /* BroadphaseCollision */,
				609F16F2169D402E00F04D59 /* CollisionDispatch */,
				609F170D169D402E00F04D59 /* CollisionShapes */,
				609F1735169D402E00F04D59 /* Gimpact */,
				609F1751169D402E00F04D59 /* NarrowPhaseCollision */,
			);
			path = BulletCollision;
			sourceTree = "<group>";
		};
		609F16E5169D402E00F04D59 /* BroadphaseCollision */ = {
			isa = PBXGroup;
			children = (
				609F16E6169D402E00F04D59 /* btAxisSweep3.h */,
				609F16E7169D402E00F04D59 /* btBroadphaseInterface.h */,
				609F16E8169D402E00F04D59 /* btBroadphaseProxy.h */,
				609F16E9169D402E00F04D59 /* btCollisionAlgorithm.h */,
				609F16EA169D402E00F04D59 /* btDbvt.h */,
				609F16EB169D402E00F04D59 /* btDbvtBroadphase.h */,
				609F16EC169D402E00F04D59 /* btDispatcher.h */,
				609F16ED169D402E00F04D59 /* btMultiSapBroadphase.h */,
				609F16EE169D402E00F04D59 /* btOverlappingPairCache.h */,
				609F16EF169D402E00F04D59 /* btOverlappingPairCallback.h */,
				609F16F0169D402E00F04D59 /* btQuantizedBvh.h */,
				609F16F1169D402E00F04D59 /* btSimpleBroadphase.h */,
			);
			path = BroadphaseCollision;
			sourceTree = "<group>";
		};
		609F16F2169D402E00F04D59 /* CollisionDispatch */ = {
			isa = PBXGroup;
			children = (
				609F16F3169D402E00F04D59 /* btActivatingCollisionAlgorithm.h */,
				609F16F4169D402E00F04D59 /* btBox2dBox2dCollisionAlgorithm.h */,
				609F16F5169D402E00F04D59 /* btBoxBoxCollisionAlgorithm.h */,
				609F16F6169D402E00F04D59 /* btBoxBoxDetector.h */,
				609F16F7169D402E00F04D59 /* btCollisionConfiguration.h */,
				609F16F8169D402E00F04D59 /* btCollisionCreateFunc.h */,
				609F16F9169D402E00F04D59 /* btCollisionDispatcher.h */,
				609F16FA169D402E00F04D59 /* btCollisionObject.h */,
				609F16FB169D402E00F04D59 /* btCollisionObjectWrapper.h */,
				609F16FC169D402E00F04D59 /* btCollisionWorld.h */,
				609F16FD169D402E00F04D59 /* btCompoundCollisionAlgorithm.h */,
				609F16FE169D402E00F04D59 /* btConvex2dConvex2dAlgorithm.h */,
				609F16FF169D402E00F04D59 /* btConvexConcaveCollisionAlgorithm.h */,
				609F1700169D402E00F04D59 /* btConvexConvexAlgorithm.h */,
				609F1701169D402E00F04D59 /* btConvexPlaneCollisionAlgorithm.h */,
				609F1702169D402E00F04D59 /* btDefaultCollisionConfiguration.h */,
				609F1703169D402E00F04D59 /* btEmptyCollisionAlgorithm.h */,
				609F1704169D402E00F04D59 /* btGhostObject.h */,
				609F1705169D402E00F04D59 /* btInternalEdgeUtility.h */,
				609F1706169D402E00F04D59 /* btManifoldResult.h */,
				609F1707169D402E00F04D59 /* btSimulationIslandManager.h */,
				609F1708169D402E00F04D59 /* btSphereBoxCollisionAlgorithm.h */,
				609F1709169D402E00F04D59 /* btSphereSphereCollisionAlgorithm.h */,
				609F170A169D402E00F04D59 /* btSphereTriangleCollisionAlgorithm.h */,
				609F170B169D402E00F04D59 /* btUnionFind.h */,
				609F170C169D402E00F04D59 /* SphereTriangleDetector.h */,
			);
			path = CollisionDispatch;
			sourceTree = "<group>";
		};
		609F170D169D402E00F04D59 /* CollisionShapes */ = {
			isa = PBXGroup;
			children = (
				609F170E169D402E00F04D59 /* btBox2dShape.h */,
				609F170F169D402E00F04D59 /* btBoxShape.h */,
				609F1710169D402E00F04D59 /* btBvhTriangleMeshShape.h */,
				609F1711169D402E00F04D59 /* btCapsuleShape.h */,
				609F1712169D402E00F04D59 /* btCollisionMargin.h */,
				609F1713169D402E00F04D59 /* btCollisionShape.h */,
				609F1714169D402E00F04D59 /* btCompoundShape.h */,
				609F1715169D402E00F04D59 /* btConcaveShape.h */,
				609F1716169D402E00F04D59 /* btConeShape.h */,
				609F1717169D402E00F04D59 /* btConvex2dShape.h */,
				609F1718169D402E00F04D59 /* btConvexHullShape.h */,
				609F1719169D402E00F04D59 /* btConvexInternalShape.h */,
				609F171A169D402E00F04D59 /* btConvexPointCloudShape.h */,
				609F171B169D402E00F04D59 /* btConvexShape.h */,
				609F171C169D402E00F04D59 /* btConvexTriangleMeshShape.h */,
				609F171D169D402E00F04D59 /* btCylinderShape.h */,
				609F171E169D402E00F04D59 /* btEmptyShape.h */,
				609F171F169D402E00F04D59 /* btHeightfieldTerrainShape.h */,
				609F1720169D402E00F04D59 /* btMaterial.h */,
				609F1721169D402E00F04D59 /* btMinkowskiSumShape.h */,
				609F1722169D402E00F04D59 /* btMultimaterialTriangleMeshShape.h */,
				609F1723169D402E00F04D59 /* btMultiSphereShape.h */,
				609F1724169D402E00F04D59 /* btOptimizedBvh.h */,
				609F1725169D402E00F04D59 /* btPolyhedralConvexShape.h */,
				609F1726169D402E00F04D59 /* btScaledBvhTriangleMeshShape.h */,
				609F1727169D402E00F04D59 /* btShapeHull.h */,
				609F1728169D402E00F04D59 /* btSphereShape.h */,
				609F1729169D402E00F04D59 /* btStaticPlaneShape.h */,
				609F172A169D402E00F04D59 /* btStridingMeshInterface.h */,
				609F172B169D402E00F04D59 /* btTetrahedronShape.h */,
				609F172C169D402E00F04D59 /* btTriangleBuffer.h */,
				609F172D169D402E00F04D59 /* btTriangleCallback.h */,
				609F172E169D402E00F04D59 /* btTriangleIndexVertexArray.h */,
				609F172F169D402E00F04D59 /* btTriangleIndexVertexMaterialArray.h */,
				609F1730169D402E00F04D59 /* btTriangleInfoMap.h */,
				609F1731169D402E00F04D59 /* btTriangleMesh.h */,
				609F1732169D402E00F04D59 /* btTriangleMeshShape.h */,
				609F1733169D402E00F04D59 /* btTriangleShape.h */,
				609F1734169D402E00F04D59 /* btUniformScalingShape.h */,
			);
			path = CollisionShapes;
			sourceTree = "<group>";
		};
		609F1735169D402E00F04D59 /* Gimpact */ = {
			isa = PBXGroup;
			children = (
				609F1736169D402E00F04D59 /* btBoxCollision.h */,
				609F1737169D402E00F04D59 /* btClipPolygon.h */,
				609F1738169D402E00F04D59 /* btContactProcessing.h */,
				609F1739169D402E00F04D59 /* btGenericPoolAllocator.h */,
				609F173A169D402E00F04D59 /* btGeometryOperations.h */,
				609F173B169D402E00F04D59 /* btGImpactBvh.h */,
				609F173C169D402E00F04D59 /* btGImpactCollisionAlgorithm.h */,
				609F173D169D402E00F04D59 /* btGImpactMassUtil.h */,
				609F173E169D402E00F04D59 /* btGImpactQuantizedBvh.h */,
				609F173F169D402E00F04D59 /* btGImpactShape.h */,
				609F1740169D402E00F04D59 /* btQuantization.h */,
				609F1741169D402E00F04D59 /* btTriangleShapeEx.h */,
				609F1742169D402E00F04D59 /* gim_array.h */,
				609F1743169D402E00F04D59 /* gim_basic_geometry_operations.h */,
				609F1744169D402E00F04D59 /* gim_bitset.h */,
				609F1745169D402E00F04D59 /* gim_box_collision.h */,
				609F1746169D402E00F04D59 /* gim_box_set.h */,
				609F1747169D402E00F04D59 /* gim_clip_polygon.h */,
				609F1748169D402E00F04D59 /* gim_contact.h */,
				609F1749169D402E00F04D59 /* gim_geom_types.h */,
				609F174A169D402E00F04D59 /* gim_geometry.h */,
				609F174B169D402E00F04D59 /* gim_hash_table.h */,
				609F174C169D402E00F04D59 /* gim_linear_math.h */,
				609F174D169D402E00F04D59 /* gim_math.h */,
				609F174E169D402E00F04D59 /* gim_memory.h */,
				609F174F169D402E00F04D59 /* gim_radixsort.h */,
				609F1750169D402E00F04D59 /* gim_tri_collision.h */,
			);
			path = Gimpact;
			sourceTree = "<group>";
		};
		609F1751169D402E00F04D59 /* NarrowPhaseCollision */ = {
			isa = PBXGroup;
			children = (
				609F1752169D402E00F04D59 /* btContinuousConvexCollision.h */,
				609F1753169D402E00F04D59 /* btConvexCast.h */,
				609F1754169D402E00F04D59 /* btConvexPenetrationDepthSolver.h */,
				609F1755169D402E00F04D59 /* btDiscreteCollisionDetectorInterface.h */,
				609F1756169D402E00F04D59 /* btGjkConvexCast.h */,
				609F1757169D402E00F04D59 /* btGjkEpa2.h */,
				609F1758169D402E00F04D59 /* btGjkEpaPenetrationDepthSolver.h */,
				609F1759169D402E00F04D59 /* btGjkPairDetector.h */,
				609F175A169D402E00F04D59 /* btManifoldPoint.h */,
				609F175B169D402E00F04D59 /* btMinkowskiPenetrationDepthSolver.h */,
				609F175C169D402E00F04D59 /* btPersistentManifold.h */,
				609F175D169D402E00F04D59 /* btPointCollector.h */,
				609F175E169D402E00F04D59 /* btRaycastCallback.h */,
				609F175F169D402E00F04D59 /* btSimplexSolverInterface.h */,
				609F1760169D402E00F04D59 /* btSubSimplexConvexCast.h */,
				609F1761169D402E00F04D59 /* btVoronoiSimplexSolver.h */,
			);
			path = NarrowPhaseCollision;
			sourceTree = "<group>";
		};
		609F1762169D402E00F04D59 /* BulletDynamics */ = {
			isa = PBXGroup;
			children = (
				609F1763169D402E00F04D59 /* Character */,
				609F1766169D402E00F04D59 /* ConstraintSolver */,
				609F1779169D402E00F04D59 /* Dynamics */,
				609F177F169D402E00F04D59 /* Vehicle */,
			);
			path = BulletDynamics;
			sourceTree = "<group>";
		};
		609F1763169D402E00F04D59 /* Character */ = {
			isa = PBXGroup;
			children = (
				609F1764169D402E00F04D59 /* btCharacterControllerInterface.h */,
				609F1765169D402E00F04D59 /* btKinematicCharacterController.h */,
			);
			path = Character;
			sourceTree = "<group>";
		};
		609F1766169D402E00F04D59 /* ConstraintSolver */ = {
			isa = PBXGroup;
			children = (
				609F1767169D402E00F04D59 /* btConeTwistConstraint.h */,
				609F1768169D402E00F04D59 /* btConstraintSolver.h */,
				609F1769169D402E00F04D59 /* btContactConstraint.h */,
				609F176A169D402E00F04D59 /* btContactSolverInfo.h */,
				609F176B169D402E00F04D59 /* btGearConstraint.h */,
				609F176C169D402E00F04D59 /* btGeneric6DofConstraint.h */,
				609F176D169D402E00F04D59 /* btGeneric6DofSpringConstraint.h */,
				609F176E169D402E00F04D59 /* btHinge2Constraint.h */,
				609F176F169D402E00F04D59 /* btHingeConstraint.h */,
				609F1770169D402E00F04D59 /* btJacobianEntry.h */,
				609F1771169D402E00F04D59 /* btPoint2PointConstraint.h */,
				609F1772169D402E00F04D59 /* btSequentialImpulseConstraintSolver.h */,
				609F1773169D402E00F04D59 /* btSliderConstraint.h */,
				609F1774169D402E00F04D59 /* btSolve2LinearConstraint.h */,
				609F1775169D402E00F04D59 /* btSolverBody.h */,
				609F1776169D402E00F04D59 /* btSolverConstraint.h */,
				609F1777169D402E00F04D59 /* btTypedConstraint.h */,
				609F1778169D402E00F04D59 /* btUniversalConstraint.h */,
			);
			path = ConstraintSolver;
			sourceTree = "<group>";
		};
		609F1779169D402E00F04D59 /* Dynamics */ = {
			isa = PBXGroup;
			children = (
				609F177A169D402E00F04D59 /* btActionInterface.h */,
				609F177B169D402E00F04D59 /* btDiscreteDynamicsWorld.h */,
				609F177C169D402E00F04D59 /* btDynamicsWorld.h */,
				609F177D169D402E00F04D59 /* btRigidBody.h */,
				609F177E169D402E00F04D59 /* btSimpleDynamicsWorld.h */,
			);
			path = Dynamics;
			sourceTree = "<group>";
		};
		609F177F169D402E00F04D59 /* Vehicle */ = {
			isa = PBXGroup;
			children = (
				609F1780169D402E00F04D59 /* btRaycastVehicle.h */,
				609F1781169D402E00F04D59 /* btVehicleRaycaster.h */,
				609F1782169D402E00F04D59 /* btWheelInfo.h */,
			);
			path = Vehicle;
			sourceTree = "<group>";
		};
		609F1783169D402E00F04D59 /* BulletSoftBody */ = {
			isa = PBXGroup;
			children = (
				609F1784169D402E00F04D59 /* btSoftBody.h */,
				609F1785169D402E00F04D59 /* btSoftBodyConcaveCollisionAlgorithm.h */,
				609F1786169D402E00F04D59 /* btSoftBodyHelpers.h */,
				609F1787169D402E00F04D59 /* btSoftBodyInternals.h */,
				609F1788169D402E00F04D59 /* btSoftBodyRigidBodyCollisionConfiguration.h */,
				609F1789169D402E00F04D59 /* btSoftRigidCollisionAlgorithm.h */,
				609F178A169D402E00F04D59 /* btSoftRigidDynamicsWorld.h */,
				609F178B169D402E00F04D59 /* btSoftSoftCollisionAlgorithm.h */,
				609F178C169D402E00F04D59 /* btSparseSDF.h */,
			);
			path = BulletSoftBody;
			sourceTree = "<group>";
		};
		609F178D169D402E00F04D59 /* LinearMath */ = {
			isa = PBXGroup;
			children = (
				609F178E169D402E00F04D59 /* btAabbUtil2.h */,
				609F178F169D402E00F04D59 /* btAlignedAllocator.h */,
				609F1790169D402E00F04D59 /* btAlignedObjectArray.h */,
				609F1791169D402E00F04D59 /* btConvexHull.h */,
				609F1792169D402E00F04D59 /* btDefaultMotionState.h */,
				609F1793169D402E00F04D59 /* btGeometryUtil.h */,
				609F1794169D402E00F04D59 /* btHashMap.h */,
				609F1795169D402E00F04D59 /* btIDebugDraw.h */,
				609F1796169D402E00F04D59 /* btList.h */,
				609F1797169D402E00F04D59 /* btMatrix3x3.h */,
				609F1798169D402E00F04D59 /* btMinMax.h */,
				609F1799169D402E00F04D59 /* btMotionState.h */,
				609F179A169D402E00F04D59 /* btPolarDecomposition.h */,
				609F179B169D402E00F04D59 /* btPoolAllocator.h */,
				609F179C169D402E00F04D59 /* btQuadWord.h */,
				609F179D169D402E00F04D59 /* btQuaternion.h */,
				609F179E169D402E00F04D59 /* btQuickprof.h */,
				609F179F169D402E00F04D59 /* btRandom.h */,
				609F17A0169D402E00F04D59 /* btScalar.h */,
				609F17A1169D402E00F04D59 /* btSerializer.h */,
				609F17A2169D402E00F04D59 /* btStackAlloc.h */,
				609F17A3169D402E00F04D59 /* btTransform.h */,
				609F17A4169D402E00F04D59 /* btTransformUtil.h */,
				609F17A5169D402E00F04D59 /* btVector3.h */,
			);
			path = LinearMath;
			sourceTree = "<group>";
		};
		609F17A6169D402E00F04D59 /* lib */ = {
			isa = PBXGroup;
			children = (
				609F17A7169D402E00F04D59 /* osx */,
			);
			path = lib;
			sourceTree = "<group>";
		};
		609F17A7169D402E00F04D59 /* osx */ = {
			isa = PBXGroup;
			children = (
				609F17A8169D402E00F04D59 /* libBulletCollision.a */,
				609F17A9169D402E00F04D59 /* libBulletDynamics.a */,
				609F17AA169D402E00F04D59 /* libBulletSoftBody.a */,
				609F17AB169D402E00F04D59 /* libLinearMath.a */,
			);
			path = osx;
			sourceTree = "<group>";
		};
		60EF01BE1513F09000FC5D12 /* ofxBt */ = {
			isa = PBXGroup;
			children = (
				609F16DC169D402E00F04D59 /* libs */,
				60EF03B31513F09000FC5D12 /* src */,
			);
			name = ofxBt;
			path = ..;
			sourceTree = "<group>";
		};
		60EF03B31513F09000FC5D12 /* src */ = {
			isa = PBXGroup;
			children = (
				609F17BA169D856100F04D59 /* ofxBtSoft.cpp */,
				609F17BB169D856100F04D59 /* ofxBtSoft.h */,
				609F17B6169D56E600F04D59 /* ofxBtRigid.cpp */,
				609F17B7169D56E600F04D59 /* ofxBtRigid.h */,
				609F17B0169D55FA00F04D59 /* ofxBtSoftbodyWorld.cpp */,
				609F17B1169D55FA00F04D59 /* ofxBtSoftbodyWorld.h */,
				609F17B2169D55FA00F04D59 /* ofxBtWorld.cpp */,
				609F17B3169D55FA00F04D59 /* ofxBtWorld.h */,
				60EF03B41513F09000FC5D12 /* ofxBt.cpp */,
				60EF03B51513F09000FC5D12 /* ofxBt.h */,
				609F17B9169D57D100F04D59 /* ofxBtRender.h */,
				60EF03B61513F09000FC5D12 /* ofxBtHelper.h */,
			);
			path = src;
			sourceTree = "<group>";
		};
		BB4B014C10F69532006C3DED /* addons */ = {
			isa = PBXGroup;
			children = (
				60EF01BE1513F09000FC5D12 /* ofxBt */,
			);
			name = addons;
			sourceTree = "<group>";
		};
		BBAB23C913894ECA00AA2426 /* system frameworks */ = {
			isa = PBXGroup;
			children = (
				E4C2424410CC5A17004149E2 /* AppKit.framework */,
				E4C2424510CC5A17004149E2 /* Cocoa.framework */,
				E4C2424610CC5A17004149E2 /* IOKit.framework */,
				E45BE9710E8CC7DD009D7055 /* AGL.framework */,
				E45BE9720E8CC7DD009D7055 /* ApplicationServices.framework */,
				E45BE9730E8CC7DD009D7055 /* AudioToolbox.framework */,
				E45BE9740E8CC7DD009D7055 /* Carbon.framework */,
				E45BE9750E8CC7DD009D7055 /* CoreAudio.framework */,
				E45BE9760E8CC7DD009D7055 /* CoreFoundation.framework */,
				E45BE9770E8CC7DD009D7055 /* CoreServices.framework */,
				E45BE9790E8CC7DD009D7055 /* OpenGL.framework */,
				E45BE97A0E8CC7DD009D7055 /* QuickTime.framework */,
			);
			name = "system frameworks";
			sourceTree = "<group>";
		};
		BBAB23CA13894EDB00AA2426 /* 3rd party frameworks */ = {
			isa = PBXGroup;
			children = (
				BBAB23BE13894E4700AA2426 /* GLUT.framework */,
			);
			name = "3rd party frameworks";
			sourceTree = "<group>";
		};
		E4328144138ABC890047C5CB /* Products */ = {
			isa = PBXGroup;
			children = (
				E4328148138ABC890047C5CB /* openFrameworksDebug.a */,
			);
			name = Products;
			sourceTree = "<group>";
		};
		E45BE5980E8CC70C009D7055 /* frameworks */ = {
			isa = PBXGroup;
			children = (
				BBAB23CA13894EDB00AA2426 /* 3rd party frameworks */,
				BBAB23C913894ECA00AA2426 /* system frameworks */,
			);
			name = frameworks;
			sourceTree = "<group>";
		};
		E4B69B4A0A3A1720003C02F2 = {
			isa = PBXGroup;
			children = (
				E4B6FCAD0C3E899E008CF71C /* openFrameworks-Info.plist */,
				E4EB6923138AFD0F00A09F29 /* Project.xcconfig */,
				E4B69E1C0A3A1BDC003C02F2 /* src */,
				E4EEC9E9138DF44700A80321 /* openFrameworks */,
				BB4B014C10F69532006C3DED /* addons */,
				E45BE5980E8CC70C009D7055 /* frameworks */,
				E4B69B5B0A3A1756003C02F2 /* example-softbodyDebug.app */,
			);
			sourceTree = "<group>";
		};
		E4B69E1C0A3A1BDC003C02F2 /* src */ = {
			isa = PBXGroup;
			children = (
				E4B69E1D0A3A1BDC003C02F2 /* main.cpp */,
				E4B69E1E0A3A1BDC003C02F2 /* testApp.cpp */,
				E4B69E1F0A3A1BDC003C02F2 /* testApp.h */,
			);
			path = src;
			sourceTree = SOURCE_ROOT;
		};
		E4EEC9E9138DF44700A80321 /* openFrameworks */ = {
			isa = PBXGroup;
			children = (
				E4EB691F138AFCF100A09F29 /* CoreOF.xcconfig */,
				E4328143138ABC890047C5CB /* openFrameworksLib.xcodeproj */,
			);
			name = openFrameworks;
			sourceTree = "<group>";
		};
/* End PBXGroup section */

/* Begin PBXNativeTarget section */
		E4B69B5A0A3A1756003C02F2 /* example-softbody */ = {
			isa = PBXNativeTarget;
			buildConfigurationList = E4B69B5F0A3A1757003C02F2 /* Build configuration list for PBXNativeTarget "example-softbody" */;
			buildPhases = (
				E4B69B580A3A1756003C02F2 /* Sources */,
				E4B69B590A3A1756003C02F2 /* Frameworks */,
				E4B6FFFD0C3F9AB9008CF71C /* ShellScript */,
				E4C2427710CC5ABF004149E2 /* CopyFiles */,
			);
			buildRules = (
			);
			dependencies = (
				E4EEB9AC138B136A00A80321 /* PBXTargetDependency */,
			);
			name = "example-softbody";
			productName = myOFApp;
			productReference = E4B69B5B0A3A1756003C02F2 /* example-softbodyDebug.app */;
			productType = "com.apple.product-type.application";
		};
/* End PBXNativeTarget section */

/* Begin PBXProject section */
		E4B69B4C0A3A1720003C02F2 /* Project object */ = {
			isa = PBXProject;
			buildConfigurationList = E4B69B4D0A3A1720003C02F2 /* Build configuration list for PBXProject "example-softbody" */;
			compatibilityVersion = "Xcode 2.4";
			developmentRegion = English;
			hasScannedForEncodings = 0;
			knownRegions = (
				English,
				Japanese,
				French,
				German,
			);
			mainGroup = E4B69B4A0A3A1720003C02F2;
			productRefGroup = E4B69B4A0A3A1720003C02F2;
			projectDirPath = "";
			projectReferences = (
				{
					ProductGroup = E4328144138ABC890047C5CB /* Products */;
					ProjectRef = E4328143138ABC890047C5CB /* openFrameworksLib.xcodeproj */;
				},
			);
			projectRoot = "";
			targets = (
				E4B69B5A0A3A1756003C02F2 /* example-softbody */,
			);
		};
/* End PBXProject section */

/* Begin PBXReferenceProxy section */
		E4328148138ABC890047C5CB /* openFrameworksDebug.a */ = {
			isa = PBXReferenceProxy;
			fileType = archive.ar;
			path = openFrameworksDebug.a;
			remoteRef = E4328147138ABC890047C5CB /* PBXContainerItemProxy */;
			sourceTree = BUILT_PRODUCTS_DIR;
		};
/* End PBXReferenceProxy section */

/* Begin PBXShellScriptBuildPhase section */
		E4B6FFFD0C3F9AB9008CF71C /* ShellScript */ = {
			isa = PBXShellScriptBuildPhase;
			buildActionMask = 2147483647;
			files = (
			);
			inputPaths = (
			);
			outputPaths = (
			);
			runOnlyForDeploymentPostprocessing = 0;
			shellPath = /bin/sh;
			shellScript = "cp -f ../../../libs/fmodex/lib/osx/libfmodex.dylib \"$TARGET_BUILD_DIR/$PRODUCT_NAME.app/Contents/MacOS/libfmodex.dylib\"; install_name_tool -change ./libfmodex.dylib @executable_path/libfmodex.dylib \"$TARGET_BUILD_DIR/$PRODUCT_NAME.app/Contents/MacOS/$PRODUCT_NAME\";";
		};
/* End PBXShellScriptBuildPhase section */

/* Begin PBXSourcesBuildPhase section */
		E4B69B580A3A1756003C02F2 /* Sources */ = {
			isa = PBXSourcesBuildPhase;
			buildActionMask = 2147483647;
			files = (
				E4B69E200A3A1BDC003C02F2 /* main.cpp in Sources */,
				E4B69E210A3A1BDC003C02F2 /* testApp.cpp in Sources */,
				60EF04931513F09100FC5D12 /* ofxBt.cpp in Sources */,
				609F17B4169D55FA00F04D59 /* ofxBtSoftbodyWorld.cpp in Sources */,
				609F17B5169D55FA00F04D59 /* ofxBtWorld.cpp in Sources */,
				609F17B8169D56E600F04D59 /* ofxBtRigid.cpp in Sources */,
				609F17BC169D856200F04D59 /* ofxBtSoft.cpp in Sources */,
			);
			runOnlyForDeploymentPostprocessing = 0;
		};
/* End PBXSourcesBuildPhase section */

/* Begin PBXTargetDependency section */
		E4EEB9AC138B136A00A80321 /* PBXTargetDependency */ = {
			isa = PBXTargetDependency;
			name = openFrameworks;
			targetProxy = E4EEB9AB138B136A00A80321 /* PBXContainerItemProxy */;
		};
/* End PBXTargetDependency section */

/* Begin XCBuildConfiguration section */
		E4B69B4E0A3A1720003C02F2 /* Debug */ = {
			isa = XCBuildConfiguration;
			baseConfigurationReference = E4EB6923138AFD0F00A09F29 /* Project.xcconfig */;
			buildSettings = {
				ARCHS = "$(NATIVE_ARCH)";
				CONFIGURATION_BUILD_DIR = "$(SRCROOT)/bin/";
				COPY_PHASE_STRIP = NO;
				DEAD_CODE_STRIPPING = YES;
				GCC_AUTO_VECTORIZATION = YES;
				GCC_ENABLE_SSE3_EXTENSIONS = YES;
				GCC_ENABLE_SUPPLEMENTAL_SSE3_INSTRUCTIONS = YES;
				GCC_INLINES_ARE_PRIVATE_EXTERN = NO;
				GCC_MODEL_TUNING = G5;
				GCC_SYMBOLS_PRIVATE_EXTERN = NO;
				GCC_WARN_ABOUT_DEPRECATED_FUNCTIONS = NO;
				GCC_WARN_ABOUT_INVALID_OFFSETOF_MACRO = NO;
				GCC_WARN_ALLOW_INCOMPLETE_PROTOCOL = NO;
				GCC_WARN_UNINITIALIZED_AUTOS = NO;
				GCC_WARN_UNUSED_VALUE = NO;
				GCC_WARN_UNUSED_VARIABLE = NO;
				OTHER_CPLUSPLUSFLAGS = (
					"-D__MACOSX_CORE__",
					"-lpthread",
				);
			};
			name = Debug;
		};
		E4B69B4F0A3A1720003C02F2 /* Release */ = {
			isa = XCBuildConfiguration;
			baseConfigurationReference = E4EB6923138AFD0F00A09F29 /* Project.xcconfig */;
			buildSettings = {
				ARCHS = "$(NATIVE_ARCH)";
				CONFIGURATION_BUILD_DIR = "$(SRCROOT)/bin/";
				COPY_PHASE_STRIP = YES;
				DEAD_CODE_STRIPPING = YES;
				GCC_AUTO_VECTORIZATION = YES;
				GCC_ENABLE_SSE3_EXTENSIONS = YES;
				GCC_ENABLE_SUPPLEMENTAL_SSE3_INSTRUCTIONS = YES;
				GCC_INLINES_ARE_PRIVATE_EXTERN = NO;
				GCC_MODEL_TUNING = G5;
				GCC_OPTIMIZATION_LEVEL = 3;
				GCC_SYMBOLS_PRIVATE_EXTERN = NO;
				GCC_UNROLL_LOOPS = YES;
				GCC_WARN_ABOUT_DEPRECATED_FUNCTIONS = NO;
				GCC_WARN_ABOUT_INVALID_OFFSETOF_MACRO = NO;
				GCC_WARN_ALLOW_INCOMPLETE_PROTOCOL = NO;
				GCC_WARN_UNINITIALIZED_AUTOS = NO;
				GCC_WARN_UNUSED_VALUE = NO;
				GCC_WARN_UNUSED_VARIABLE = NO;
				OTHER_CPLUSPLUSFLAGS = (
					"-D__MACOSX_CORE__",
					"-lpthread",
				);
			};
			name = Release;
		};
		E4B69B600A3A1757003C02F2 /* Debug */ = {
			isa = XCBuildConfiguration;
			buildSettings = {
				COPY_PHASE_STRIP = NO;
				FRAMEWORK_SEARCH_PATHS = (
					"$(inherited)",
					"$(FRAMEWORK_SEARCH_PATHS_QUOTED_FOR_TARGET_1)",
				);
				FRAMEWORK_SEARCH_PATHS_QUOTED_FOR_TARGET_1 = "\"$(SRCROOT)/../../../libs/glut/lib/osx\"";
				GCC_DYNAMIC_NO_PIC = NO;
				GCC_ENABLE_FIX_AND_CONTINUE = YES;
				GCC_GENERATE_DEBUGGING_SYMBOLS = YES;
				GCC_MODEL_TUNING = G4;
				GCC_PRECOMPILE_PREFIX_HEADER = YES;
				GCC_PREFIX_HEADER = "$(SYSTEM_LIBRARY_DIR)/Frameworks/Carbon.framework/Headers/Carbon.h";
				INFOPLIST_FILE = "openFrameworks-Info.plist";
				INSTALL_PATH = "$(HOME)/Applications";
				LIBRARY_SEARCH_PATHS = (
					"$(inherited)",
					"$(LIBRARY_SEARCH_PATHS_QUOTED_FOR_TARGET_1)",
					"$(LIBRARY_SEARCH_PATHS_QUOTED_FOR_TARGET_2)",
					"$(LIBRARY_SEARCH_PATHS_QUOTED_FOR_TARGET_3)",
					"$(LIBRARY_SEARCH_PATHS_QUOTED_FOR_TARGET_4)",
					"$(LIBRARY_SEARCH_PATHS_QUOTED_FOR_TARGET_5)",
					"$(LIBRARY_SEARCH_PATHS_QUOTED_FOR_TARGET_6)",
					"$(LIBRARY_SEARCH_PATHS_QUOTED_FOR_TARGET_7)",
					"$(LIBRARY_SEARCH_PATHS_QUOTED_FOR_TARGET_8)",
					"$(LIBRARY_SEARCH_PATHS_QUOTED_FOR_TARGET_9)",
					"$(LIBRARY_SEARCH_PATHS_QUOTED_FOR_TARGET_10)",
					"$(LIBRARY_SEARCH_PATHS_QUOTED_FOR_TARGET_11)",
					"$(LIBRARY_SEARCH_PATHS_QUOTED_FOR_TARGET_12)",
					"$(LIBRARY_SEARCH_PATHS_QUOTED_FOR_TARGET_13)",
					"$(LIBRARY_SEARCH_PATHS_QUOTED_FOR_TARGET_14)",
					"$(LIBRARY_SEARCH_PATHS_QUOTED_FOR_TARGET_15)",
					"$(LIBRARY_SEARCH_PATHS_QUOTED_FOR_TARGET_2)",
					"$(LIBRARY_SEARCH_PATHS_QUOTED_FOR_TARGET_3)",
					"$(LIBRARY_SEARCH_PATHS_QUOTED_FOR_TARGET_7)",
					"$(LIBRARY_SEARCH_PATHS_QUOTED_FOR_TARGET_8)",
					"$(LIBRARY_SEARCH_PATHS_QUOTED_FOR_TARGET_9)",
					"$(LIBRARY_SEARCH_PATHS_QUOTED_FOR_TARGET_10)",
					"$(LIBRARY_SEARCH_PATHS_QUOTED_FOR_TARGET_11)",
					"$(LIBRARY_SEARCH_PATHS_QUOTED_FOR_TARGET_12)",
					"$(LIBRARY_SEARCH_PATHS_QUOTED_FOR_TARGET_13)",
					"$(LIBRARY_SEARCH_PATHS_QUOTED_FOR_TARGET_16)",
					"$(LIBRARY_SEARCH_PATHS_QUOTED_FOR_TARGET_17)",
					"$(LIBRARY_SEARCH_PATHS_QUOTED_FOR_TARGET_18)",
					"$(LIBRARY_SEARCH_PATHS_QUOTED_FOR_TARGET_19)",
					"$(LIBRARY_SEARCH_PATHS_QUOTED_FOR_TARGET_20)",
					"$(LIBRARY_SEARCH_PATHS_QUOTED_FOR_TARGET_21)",
					"$(LIBRARY_SEARCH_PATHS_QUOTED_FOR_TARGET_22)",
					"$(LIBRARY_SEARCH_PATHS_QUOTED_FOR_TARGET_23)",
					"$(LIBRARY_SEARCH_PATHS_QUOTED_FOR_TARGET_24)",
					"$(LIBRARY_SEARCH_PATHS_QUOTED_FOR_TARGET_25)",
					"$(LIBRARY_SEARCH_PATHS_QUOTED_FOR_TARGET_26)",
					"$(LIBRARY_SEARCH_PATHS_QUOTED_FOR_TARGET_27)",
					"$(LIBRARY_SEARCH_PATHS_QUOTED_FOR_TARGET_28)",
					"$(LIBRARY_SEARCH_PATHS_QUOTED_FOR_TARGET_29)",
					"$(LIBRARY_SEARCH_PATHS_QUOTED_FOR_TARGET_30)",
					"$(LIBRARY_SEARCH_PATHS_QUOTED_FOR_TARGET_31)",
					"$(LIBRARY_SEARCH_PATHS_QUOTED_FOR_TARGET_32)",
					"$(LIBRARY_SEARCH_PATHS_QUOTED_FOR_TARGET_33)",
					"$(LIBRARY_SEARCH_PATHS_QUOTED_FOR_TARGET_34)",
					"$(LIBRARY_SEARCH_PATHS_QUOTED_FOR_TARGET_35)",
					"$(LIBRARY_SEARCH_PATHS_QUOTED_FOR_TARGET_36)",
					"$(LIBRARY_SEARCH_PATHS_QUOTED_FOR_TARGET_37)",
					"$(LIBRARY_SEARCH_PATHS_QUOTED_FOR_TARGET_38)",
					"$(LIBRARY_SEARCH_PATHS_QUOTED_FOR_TARGET_39)",
					"$(LIBRARY_SEARCH_PATHS_QUOTED_FOR_TARGET_40)",
					"$(LIBRARY_SEARCH_PATHS_QUOTED_FOR_TARGET_41)",
					"$(LIBRARY_SEARCH_PATHS_QUOTED_FOR_TARGET_42)",
					"$(LIBRARY_SEARCH_PATHS_QUOTED_FOR_TARGET_43)",
					"$(LIBRARY_SEARCH_PATHS_QUOTED_FOR_TARGET_44)",
					"$(LIBRARY_SEARCH_PATHS_QUOTED_FOR_TARGET_45)",
					"$(LIBRARY_SEARCH_PATHS_QUOTED_FOR_TARGET_46)",
					"$(LIBRARY_SEARCH_PATHS_QUOTED_FOR_TARGET_47)",
					"$(LIBRARY_SEARCH_PATHS_QUOTED_FOR_TARGET_48)",
					"$(LIBRARY_SEARCH_PATHS_QUOTED_FOR_TARGET_49)",
					"$(LIBRARY_SEARCH_PATHS_QUOTED_FOR_TARGET_50)",
					"$(LIBRARY_SEARCH_PATHS_QUOTED_FOR_TARGET_51)",
					"$(LIBRARY_SEARCH_PATHS_QUOTED_FOR_TARGET_52)",
					"$(LIBRARY_SEARCH_PATHS_QUOTED_FOR_TARGET_1)",
				);
				LIBRARY_SEARCH_PATHS_QUOTED_FOR_TARGET_1 = "\"$(SRCROOT)/../libs/bullet/lib/osx\"";
				PREBINDING = NO;
				PRODUCT_NAME = "example-softbodyDebug";
				WRAPPER_EXTENSION = app;
			};
			name = Debug;
		};
		E4B69B610A3A1757003C02F2 /* Release */ = {
			isa = XCBuildConfiguration;
			buildSettings = {
				COPY_PHASE_STRIP = YES;
				FRAMEWORK_SEARCH_PATHS = (
					"$(inherited)",
					"$(FRAMEWORK_SEARCH_PATHS_QUOTED_FOR_TARGET_1)",
				);
				FRAMEWORK_SEARCH_PATHS_QUOTED_FOR_TARGET_1 = "\"$(SRCROOT)/../../../libs/glut/lib/osx\"";
				GCC_ENABLE_FIX_AND_CONTINUE = NO;
				GCC_GENERATE_DEBUGGING_SYMBOLS = NO;
				GCC_MODEL_TUNING = G4;
				GCC_PRECOMPILE_PREFIX_HEADER = YES;
				GCC_PREFIX_HEADER = "$(SYSTEM_LIBRARY_DIR)/Frameworks/Carbon.framework/Headers/Carbon.h";
				INFOPLIST_FILE = "openFrameworks-Info.plist";
				INSTALL_PATH = "$(HOME)/Applications";
				LIBRARY_SEARCH_PATHS = (
					"$(inherited)",
					"$(LIBRARY_SEARCH_PATHS_QUOTED_FOR_TARGET_1)",
					"$(LIBRARY_SEARCH_PATHS_QUOTED_FOR_TARGET_2)",
					"$(LIBRARY_SEARCH_PATHS_QUOTED_FOR_TARGET_3)",
					"$(LIBRARY_SEARCH_PATHS_QUOTED_FOR_TARGET_4)",
					"$(LIBRARY_SEARCH_PATHS_QUOTED_FOR_TARGET_5)",
					"$(LIBRARY_SEARCH_PATHS_QUOTED_FOR_TARGET_6)",
					"$(LIBRARY_SEARCH_PATHS_QUOTED_FOR_TARGET_7)",
					"$(LIBRARY_SEARCH_PATHS_QUOTED_FOR_TARGET_8)",
					"$(LIBRARY_SEARCH_PATHS_QUOTED_FOR_TARGET_9)",
					"$(LIBRARY_SEARCH_PATHS_QUOTED_FOR_TARGET_10)",
					"$(LIBRARY_SEARCH_PATHS_QUOTED_FOR_TARGET_11)",
					"$(LIBRARY_SEARCH_PATHS_QUOTED_FOR_TARGET_12)",
					"$(LIBRARY_SEARCH_PATHS_QUOTED_FOR_TARGET_13)",
					"$(LIBRARY_SEARCH_PATHS_QUOTED_FOR_TARGET_14)",
					"$(LIBRARY_SEARCH_PATHS_QUOTED_FOR_TARGET_15)",
					"$(LIBRARY_SEARCH_PATHS_QUOTED_FOR_TARGET_2)",
					"$(LIBRARY_SEARCH_PATHS_QUOTED_1)",
					"$(LIBRARY_SEARCH_PATHS_QUOTED_FOR_TARGET_3)",
					"$(LIBRARY_SEARCH_PATHS_QUOTED_FOR_TARGET_7)",
					"$(LIBRARY_SEARCH_PATHS_QUOTED_FOR_TARGET_8)",
					"$(LIBRARY_SEARCH_PATHS_QUOTED_FOR_TARGET_9)",
					"$(LIBRARY_SEARCH_PATHS_QUOTED_FOR_TARGET_10)",
					"$(LIBRARY_SEARCH_PATHS_QUOTED_FOR_TARGET_11)",
					"$(LIBRARY_SEARCH_PATHS_QUOTED_FOR_TARGET_12)",
					"$(LIBRARY_SEARCH_PATHS_QUOTED_FOR_TARGET_13)",
					"$(LIBRARY_SEARCH_PATHS_QUOTED_FOR_TARGET_16)",
					"$(LIBRARY_SEARCH_PATHS_QUOTED_FOR_TARGET_17)",
					"$(LIBRARY_SEARCH_PATHS_QUOTED_FOR_TARGET_18)",
					"$(LIBRARY_SEARCH_PATHS_QUOTED_FOR_TARGET_19)",
					"$(LIBRARY_SEARCH_PATHS_QUOTED_FOR_TARGET_20)",
					"$(LIBRARY_SEARCH_PATHS_QUOTED_FOR_TARGET_21)",
					"$(LIBRARY_SEARCH_PATHS_QUOTED_FOR_TARGET_22)",
					"$(LIBRARY_SEARCH_PATHS_QUOTED_FOR_TARGET_23)",
					"$(LIBRARY_SEARCH_PATHS_QUOTED_FOR_TARGET_24)",
					"$(LIBRARY_SEARCH_PATHS_QUOTED_FOR_TARGET_25)",
					"$(LIBRARY_SEARCH_PATHS_QUOTED_FOR_TARGET_26)",
					"$(LIBRARY_SEARCH_PATHS_QUOTED_FOR_TARGET_27)",
					"$(LIBRARY_SEARCH_PATHS_QUOTED_FOR_TARGET_28)",
					"$(LIBRARY_SEARCH_PATHS_QUOTED_FOR_TARGET_29)",
					"$(LIBRARY_SEARCH_PATHS_QUOTED_FOR_TARGET_30)",
					"$(LIBRARY_SEARCH_PATHS_QUOTED_FOR_TARGET_31)",
					"$(LIBRARY_SEARCH_PATHS_QUOTED_FOR_TARGET_32)",
					"$(LIBRARY_SEARCH_PATHS_QUOTED_FOR_TARGET_33)",
					"$(LIBRARY_SEARCH_PATHS_QUOTED_FOR_TARGET_34)",
					"$(LIBRARY_SEARCH_PATHS_QUOTED_FOR_TARGET_35)",
					"$(LIBRARY_SEARCH_PATHS_QUOTED_FOR_TARGET_36)",
					"$(LIBRARY_SEARCH_PATHS_QUOTED_FOR_TARGET_37)",
					"$(LIBRARY_SEARCH_PATHS_QUOTED_FOR_TARGET_38)",
					"$(LIBRARY_SEARCH_PATHS_QUOTED_FOR_TARGET_39)",
					"$(LIBRARY_SEARCH_PATHS_QUOTED_FOR_TARGET_40)",
					"$(LIBRARY_SEARCH_PATHS_QUOTED_FOR_TARGET_41)",
					"$(LIBRARY_SEARCH_PATHS_QUOTED_FOR_TARGET_42)",
					"$(LIBRARY_SEARCH_PATHS_QUOTED_FOR_TARGET_43)",
					"$(LIBRARY_SEARCH_PATHS_QUOTED_FOR_TARGET_44)",
					"$(LIBRARY_SEARCH_PATHS_QUOTED_FOR_TARGET_45)",
					"$(LIBRARY_SEARCH_PATHS_QUOTED_FOR_TARGET_46)",
					"$(LIBRARY_SEARCH_PATHS_QUOTED_FOR_TARGET_47)",
					"$(LIBRARY_SEARCH_PATHS_QUOTED_FOR_TARGET_48)",
					"$(LIBRARY_SEARCH_PATHS_QUOTED_FOR_TARGET_49)",
					"$(LIBRARY_SEARCH_PATHS_QUOTED_FOR_TARGET_50)",
					"$(LIBRARY_SEARCH_PATHS_QUOTED_FOR_TARGET_51)",
					"$(LIBRARY_SEARCH_PATHS_QUOTED_FOR_TARGET_1)",
				);
				LIBRARY_SEARCH_PATHS_QUOTED_FOR_TARGET_1 = "\"$(SRCROOT)/../libs/bullet/lib/osx\"";
				PREBINDING = NO;
				PRODUCT_NAME = "example-softbody";
				WRAPPER_EXTENSION = app;
			};
			name = Release;
		};
/* End XCBuildConfiguration section */

/* Begin XCConfigurationList section */
		E4B69B4D0A3A1720003C02F2 /* Build configuration list for PBXProject "example-softbody" */ = {
			isa = XCConfigurationList;
			buildConfigurations = (
				E4B69B4E0A3A1720003C02F2 /* Debug */,
				E4B69B4F0A3A1720003C02F2 /* Release */,
			);
			defaultConfigurationIsVisible = 0;
			defaultConfigurationName = Release;
		};
		E4B69B5F0A3A1757003C02F2 /* Build configuration list for PBXNativeTarget "example-softbody" */ = {
			isa = XCConfigurationList;
			buildConfigurations = (
				E4B69B600A3A1757003C02F2 /* Debug */,
				E4B69B610A3A1757003C02F2 /* Release */,
			);
			defaultConfigurationIsVisible = 0;
			defaultConfigurationName = Release;
		};
/* End XCConfigurationList section */
	};
	rootObject = E4B69B4C0A3A1720003C02F2 /* Project object */;
}
